{
  "pins" : [
    {
      "identity" : "dominantcolors",
      "kind" : "remoteSourceControl",
      "location" : "https://github.com/DenDmitriev/DominantColors",
      "state" : {
        "revision" : "0451ad209280afa1293e0d936a22ee2371624ade",
        "version" : "1.0.6"
      }
    }
  ],
  "version" : 2
}
