{
  "pins" : [
    {
      "identity" : "dominantcolors",
      "kind" : "remoteSourceControl",
      "location" : "https://github.com/DenDmitriev/DominantColors",
      "state" : {
        "revision" : "f6c23b4489d76c3d468f689365e507d8f2967663",
        "version" : "1.0.9"
      }
    }
  ],
  "version" : 2
}
