{
  "pins" : [
    {
      "identity" : "dominantcolors",
      "kind" : "remoteSourceControl",
      "location" : "https://github.com/DenDmitriev/DominantColors",
      "state" : {
        "branch" : "main",
        "revision" : "afc69a808fff41097184f856ef4d903b23ecd0f6"
      }
    }
  ],
  "version" : 2
}
