// !$*UTF8*$!
{
	archiveVersion = 1;
	classes = {
	};
	objectVersion = 56;
	objects = {

/* Begin PBXBuildFile section */
		02606749A7F67DD9822B61A5 /* Pods_GrabShot_GrabShotUITests.framework in Frameworks */ = {isa = PBXBuildFile; fileRef = 80BDCE25DAE9D96A0A9061D6 /* Pods_GrabShot_GrabShotUITests.framework */; };
		95224A5A2AA1C99C00C46868 /* ColorsExtractorService.swift in Sources */ = {isa = PBXBuildFile; fileRef = 95224A592AA1C99C00C46868 /* ColorsExtractorService.swift */; };
		95224A5C2AA1FC5300C46868 /* Histogram.swift in Sources */ = {isa = PBXBuildFile; fileRef = 95224A5B2AA1FC5300C46868 /* Histogram.swift */; };
		95224A5E2AA1FD7200C46868 /* ColorExtractMethod.swift in Sources */ = {isa = PBXBuildFile; fileRef = 95224A5D2AA1FD7200C46868 /* ColorExtractMethod.swift */; };
		95224AA62AA5CBC400C46868 /* DominantColors in Frameworks */ = {isa = PBXBuildFile; productRef = 95224AA52AA5CBC400C46868 /* DominantColors */; };
		95224AA82AA5EE8B00C46868 /* DeltaEFormulaExtension.swift in Sources */ = {isa = PBXBuildFile; fileRef = 95224AA72AA5EE8B00C46868 /* DeltaEFormulaExtension.swift */; };
		95224AAA2AA607B100C46868 /* ColorMood.swift in Sources */ = {isa = PBXBuildFile; fileRef = 95224AA92AA607B100C46868 /* ColorMood.swift */; };
		95224AAC2AA6280E00C46868 /* ImageStripMethodSettings.swift in Sources */ = {isa = PBXBuildFile; fileRef = 95224AAB2AA6280E00C46868 /* ImageStripMethodSettings.swift */; };
		95224AAE2AA628FE00C46868 /* ImageStripMethodDefaultSettingsView.swift in Sources */ = {isa = PBXBuildFile; fileRef = 95224AAD2AA628FE00C46868 /* ImageStripMethodDefaultSettingsView.swift */; };
		95224AB12AA84B8100C46868 /* OnboardingPage.swift in Sources */ = {isa = PBXBuildFile; fileRef = 95224AB02AA84B8100C46868 /* OnboardingPage.swift */; };
		95224AB52AA84C9000C46868 /* OnboardingView.swift in Sources */ = {isa = PBXBuildFile; fileRef = 95224AB42AA84C9000C46868 /* OnboardingView.swift */; };
		95224AB72AA8571400C46868 /* WelcomePage.swift in Sources */ = {isa = PBXBuildFile; fileRef = 95224AB62AA8571400C46868 /* WelcomePage.swift */; };
		95224ABC2AA8626C00C46868 /* Window.swift in Sources */ = {isa = PBXBuildFile; fileRef = 95224ABB2AA8626C00C46868 /* Window.swift */; };
		95224AC22AA86B9600C46868 /* InterfacePage.swift in Sources */ = {isa = PBXBuildFile; fileRef = 95224AC12AA86B9600C46868 /* InterfacePage.swift */; };
		95224AC62AA87D6800C46868 /* ImportVideoPage.swift in Sources */ = {isa = PBXBuildFile; fileRef = 95224AC52AA87D6800C46868 /* ImportVideoPage.swift */; };
		95224AC82AA87FE600C46868 /* OverviewDetail.swift in Sources */ = {isa = PBXBuildFile; fileRef = 95224AC72AA87FE600C46868 /* OverviewDetail.swift */; };
		95224ACA2AA8826400C46868 /* OverviewTitle.swift in Sources */ = {isa = PBXBuildFile; fileRef = 95224AC92AA8826400C46868 /* OverviewTitle.swift */; };
		95224ACC2AA883E600C46868 /* ImportImagePage.swift in Sources */ = {isa = PBXBuildFile; fileRef = 95224ACB2AA883E600C46868 /* ImportImagePage.swift */; };
		95224ACE2AA88DF400C46868 /* GrabOverviewPage.swift in Sources */ = {isa = PBXBuildFile; fileRef = 95224ACD2AA88DF400C46868 /* GrabOverviewPage.swift */; };
		95224AD02AA890E400C46868 /* ImageStripOverviewPage.swift in Sources */ = {isa = PBXBuildFile; fileRef = 95224ACF2AA890E400C46868 /* ImageStripOverviewPage.swift */; };
		95224AD42AA89ED700C46868 /* ImageGlass.swift in Sources */ = {isa = PBXBuildFile; fileRef = 95224AD32AA89ED700C46868 /* ImageGlass.swift */; };
		9537881F294A20C600415ECD /* SettingsModel.swift in Sources */ = {isa = PBXBuildFile; fileRef = 9537881E294A20C500415ECD /* SettingsModel.swift */; };
		95378823294A2F6500415ECD /* ResolutionNumberFormatter.swift in Sources */ = {isa = PBXBuildFile; fileRef = 95378822294A2F6500415ECD /* ResolutionNumberFormatter.swift */; };
		9538F56C2A8406EC0080B3F9 /* VideoServiceError.swift in Sources */ = {isa = PBXBuildFile; fileRef = 9538F56B2A8406EC0080B3F9 /* VideoServiceError.swift */; };
		9538F56E2A8415DC0080B3F9 /* VideoTableModel.swift in Sources */ = {isa = PBXBuildFile; fileRef = 9538F56D2A8415DC0080B3F9 /* VideoTableModel.swift */; };
		9538F5722A8499FF0080B3F9 /* SettingsView.swift in Sources */ = {isa = PBXBuildFile; fileRef = 9538F5712A8499FF0080B3F9 /* SettingsView.swift */; };
		9538F5742A849A220080B3F9 /* SettingsViewModel.swift in Sources */ = {isa = PBXBuildFile; fileRef = 9538F5732A849A220080B3F9 /* SettingsViewModel.swift */; };
		9538F57B2A89F7D80080B3F9 /* DurationFormatter.swift in Sources */ = {isa = PBXBuildFile; fileRef = 9538F57A2A89F7D80080B3F9 /* DurationFormatter.swift */; };
		9538F57D2A8A13650080B3F9 /* AsyncOperation.swift in Sources */ = {isa = PBXBuildFile; fileRef = 9538F57C2A8A13650080B3F9 /* AsyncOperation.swift */; };
		9538F57F2A8A15FB0080B3F9 /* GrabOperation.swift in Sources */ = {isa = PBXBuildFile; fileRef = 9538F57E2A8A15FB0080B3F9 /* GrabOperation.swift */; };
		9538F5842A8A26F50080B3F9 /* GrabProgressView.swift in Sources */ = {isa = PBXBuildFile; fileRef = 9538F5832A8A26F50080B3F9 /* GrabProgressView.swift */; };
		9538F58D2A8BA8440080B3F9 /* StripManagerVideo.swift in Sources */ = {isa = PBXBuildFile; fileRef = 9538F58C2A8BA8440080B3F9 /* StripManagerVideo.swift */; };
		9538F59D2A8BAE8A0080B3F9 /* DropError.swift in Sources */ = {isa = PBXBuildFile; fileRef = 9538F59C2A8BAE8A0080B3F9 /* DropError.swift */; };
		9538F5A82A8BC3690080B3F9 /* CoordinatorTab.swift in Sources */ = {isa = PBXBuildFile; fileRef = 9538F5A72A8BC3690080B3F9 /* CoordinatorTab.swift */; };
		9538F5AA2A8BC3AE0080B3F9 /* Tab.swift in Sources */ = {isa = PBXBuildFile; fileRef = 9538F5A92A8BC3AE0080B3F9 /* Tab.swift */; };
		9538F5AE2A8BFCAF0080B3F9 /* GrabError.swift in Sources */ = {isa = PBXBuildFile; fileRef = 9538F5AD2A8BFCAF0080B3F9 /* GrabError.swift */; };
		9538F5B02A8C91000080B3F9 /* GrabShotError.swift in Sources */ = {isa = PBXBuildFile; fileRef = 9538F5AF2A8C91000080B3F9 /* GrabShotError.swift */; };
		9538F5B22A8C96AE0080B3F9 /* DropViewModel.swift in Sources */ = {isa = PBXBuildFile; fileRef = 9538F5B12A8C96AE0080B3F9 /* DropViewModel.swift */; };
		9538F5B42A8CA6250080B3F9 /* DropErrorHandler.swift in Sources */ = {isa = PBXBuildFile; fileRef = 9538F5B32A8CA6250080B3F9 /* DropErrorHandler.swift */; };
		9538F5B92A8CACBD0080B3F9 /* Grid.swift in Sources */ = {isa = PBXBuildFile; fileRef = 9538F5B82A8CACBD0080B3F9 /* Grid.swift */; };
		95606AAA2A9DA7F80069F9C5 /* ImageStripView.swift in Sources */ = {isa = PBXBuildFile; fileRef = 95606AA92A9DA7F80069F9C5 /* ImageStripView.swift */; };
		95606AAE2A9DA90B0069F9C5 /* ImageDropDelegate.swift in Sources */ = {isa = PBXBuildFile; fileRef = 95606AAD2A9DA90B0069F9C5 /* ImageDropDelegate.swift */; };
		95606AB12A9DC27A0069F9C5 /* ImageHandler.swift in Sources */ = {isa = PBXBuildFile; fileRef = 95606AB02A9DC27A0069F9C5 /* ImageHandler.swift */; };
		95606AB32A9DC35E0069F9C5 /* DropImageIcon.swift in Sources */ = {isa = PBXBuildFile; fileRef = 95606AB22A9DC35E0069F9C5 /* DropImageIcon.swift */; };
		95606AB52A9DE3A60069F9C5 /* StripColorPickerView.swift in Sources */ = {isa = PBXBuildFile; fileRef = 95606AB42A9DE3A60069F9C5 /* StripColorPickerView.swift */; };
		95606AB72A9DE7C40069F9C5 /* ImageSidebar.swift in Sources */ = {isa = PBXBuildFile; fileRef = 95606AB62A9DE7C40069F9C5 /* ImageSidebar.swift */; };
		95606AB92A9DE7D30069F9C5 /* ImageSidebarModel.swift in Sources */ = {isa = PBXBuildFile; fileRef = 95606AB82A9DE7D30069F9C5 /* ImageSidebarModel.swift */; };
		95606ABC2A9DE8E60069F9C5 /* ImageStore.swift in Sources */ = {isa = PBXBuildFile; fileRef = 95606ABB2A9DE8E60069F9C5 /* ImageStore.swift */; };
		95606ABE2A9E01DC0069F9C5 /* ImageItem.swift in Sources */ = {isa = PBXBuildFile; fileRef = 95606ABD2A9E01DC0069F9C5 /* ImageItem.swift */; };
		95606AC02A9E0CB10069F9C5 /* StripManagerImage.swift in Sources */ = {isa = PBXBuildFile; fileRef = 95606ABF2A9E0CB10069F9C5 /* StripManagerImage.swift */; };
		956CE41D2987C9F8005ACF42 /* Localizable.strings in Resources */ = {isa = PBXBuildFile; fileRef = 956CE41F2987C9F8005ACF42 /* Localizable.strings */; };
		957B9D652A8FA9E600D2DA95 /* VideoTableColumnOutputItemView.swift in Sources */ = {isa = PBXBuildFile; fileRef = 957B9D642A8FA9E600D2DA95 /* VideoTableColumnOutputItemView.swift */; };
		957B9D672A8FABBE00D2DA95 /* VideoTableColumnToggleItemView.swift in Sources */ = {isa = PBXBuildFile; fileRef = 957B9D662A8FABBE00D2DA95 /* VideoTableColumnToggleItemView.swift */; };
		957B9D6C2A937AD800D2DA95 /* VideoTableColumnTitleItemView.swift in Sources */ = {isa = PBXBuildFile; fileRef = 957B9D6B2A937AD800D2DA95 /* VideoTableColumnTitleItemView.swift */; };
		957B9D6E2A937BAC00D2DA95 /* VideoTableColumnDurationItemView.swift in Sources */ = {isa = PBXBuildFile; fileRef = 957B9D6D2A937BAC00D2DA95 /* VideoTableColumnDurationItemView.swift */; };
		957B9D702A937CA600D2DA95 /* VideoTableColumnShotsItemView.swift in Sources */ = {isa = PBXBuildFile; fileRef = 957B9D6F2A937CA600D2DA95 /* VideoTableColumnShotsItemView.swift */; };
		957B9D722A937DF300D2DA95 /* VideoTableColumnProgressItemView.swift in Sources */ = {isa = PBXBuildFile; fileRef = 957B9D712A937DF300D2DA95 /* VideoTableColumnProgressItemView.swift */; };
		959198192A962B7800DB209A /* TimecodeRangeView.swift in Sources */ = {isa = PBXBuildFile; fileRef = 959198182A962B7800DB209A /* TimecodeRangeView.swift */; };
		9591981B2A963C0600DB209A /* Timecode.swift in Sources */ = {isa = PBXBuildFile; fileRef = 9591981A2A963C0600DB209A /* Timecode.swift */; };
		9591981D2A9651F900DB209A /* VideoTableColumnIntervalItemView.swift in Sources */ = {isa = PBXBuildFile; fileRef = 9591981C2A9651F900DB209A /* VideoTableColumnIntervalItemView.swift */; };
		9591981F2A9656FC00DB209A /* RangeType.swift in Sources */ = {isa = PBXBuildFile; fileRef = 9591981E2A9656FC00DB209A /* RangeType.swift */; };
		959198212A96799200DB209A /* TimecodeStepper.swift in Sources */ = {isa = PBXBuildFile; fileRef = 959198202A96799200DB209A /* TimecodeStepper.swift */; };
		959198232A967D7600DB209A /* HourNumberFormatter.swift in Sources */ = {isa = PBXBuildFile; fileRef = 959198222A967D7600DB209A /* HourNumberFormatter.swift */; };
		959198252A967DD000DB209A /* MinuteNumberFormatter.swift in Sources */ = {isa = PBXBuildFile; fileRef = 959198242A967DD000DB209A /* MinuteNumberFormatter.swift */; };
		959198272A967DDB00DB209A /* SecondNumberFormatter.swift in Sources */ = {isa = PBXBuildFile; fileRef = 959198262A967DDB00DB209A /* SecondNumberFormatter.swift */; };
		95967ECA2AA101C200ADECAD /* ImageRenderService.swift in Sources */ = {isa = PBXBuildFile; fileRef = 95967EC92AA101C200ADECAD /* ImageRenderService.swift */; };
		95967ECD2AA102DB00ADECAD /* ImageRenderServiceError.swift in Sources */ = {isa = PBXBuildFile; fileRef = 95967ECC2AA102DB00ADECAD /* ImageRenderServiceError.swift */; };
		95967ECF2AA1109400ADECAD /* ImageMergeOperation.swift in Sources */ = {isa = PBXBuildFile; fileRef = 95967ECE2AA1109400ADECAD /* ImageMergeOperation.swift */; };
		95967ED62AA19F2900ADECAD /* BagelProgressStyle.swift in Sources */ = {isa = PBXBuildFile; fileRef = 95967ED52AA19F2900ADECAD /* BagelProgressStyle.swift */; };
		95AB01112A9E260100AF5483 /* ImageStrip.swift in Sources */ = {isa = PBXBuildFile; fileRef = 95AB01102A9E260100AF5483 /* ImageStrip.swift */; };
		95AB01152A9E44D200AF5483 /* ImageStripViewModel.swift in Sources */ = {isa = PBXBuildFile; fileRef = 95AB01142A9E44D200AF5483 /* ImageStripViewModel.swift */; };
		95AB01172A9E5A8000AF5483 /* ExportDirectory.swift in Sources */ = {isa = PBXBuildFile; fileRef = 95AB01162A9E5A8000AF5483 /* ExportDirectory.swift */; };
		95AB011C2A9E5C8500AF5483 /* ImageStripError.swift in Sources */ = {isa = PBXBuildFile; fileRef = 95AB011B2A9E5C8500AF5483 /* ImageStripError.swift */; };
		95AB011E2A9E623B00AF5483 /* ImageStripSettingsView.swift in Sources */ = {isa = PBXBuildFile; fileRef = 95AB011D2A9E623B00AF5483 /* ImageStripSettingsView.swift */; };
		95AB01282A9E8A8800AF5483 /* ImageDocument.swift in Sources */ = {isa = PBXBuildFile; fileRef = 95AB01272A9E8A8800AF5483 /* ImageDocument.swift */; };
		95AB01332A9F5AA700AF5483 /* VideoStripSettingsView.swift in Sources */ = {isa = PBXBuildFile; fileRef = 95AB01322A9F5AA700AF5483 /* VideoStripSettingsView.swift */; };
		95AB01352A9F790600AF5483 /* DropZoneView.swift in Sources */ = {isa = PBXBuildFile; fileRef = 95AB01342A9F790600AF5483 /* DropZoneView.swift */; };
		95AB01372A9F7A6100AF5483 /* DropVideoIcon.swift in Sources */ = {isa = PBXBuildFile; fileRef = 95AB01362A9F7A6100AF5483 /* DropVideoIcon.swift */; };
		95AB01392A9FAB9600AF5483 /* ColorPickerItem.swift in Sources */ = {isa = PBXBuildFile; fileRef = 95AB01382A9FAB9600AF5483 /* ColorPickerItem.swift */; };
		95AB013B2A9FBC6700AF5483 /* StripRenderView.swift in Sources */ = {isa = PBXBuildFile; fileRef = 95AB013A2A9FBC6700AF5483 /* StripRenderView.swift */; };
		95C156DC2A8DEEAD0025174B /* GrabCounter.swift in Sources */ = {isa = PBXBuildFile; fileRef = 95C156DB2A8DEEAD0025174B /* GrabCounter.swift */; };
		95C156DF2A8E09DB0025174B /* GrabShotCommands.swift in Sources */ = {isa = PBXBuildFile; fileRef = 95C156DE2A8E09DB0025174B /* GrabShotCommands.swift */; };
		95C156E12A8E121C0025174B /* DropAnimator.swift in Sources */ = {isa = PBXBuildFile; fileRef = 95C156E02A8E121C0025174B /* DropAnimator.swift */; };
		95C156E32A8E32BE0025174B /* AppDelegate.swift in Sources */ = {isa = PBXBuildFile; fileRef = 95C156E22A8E32BE0025174B /* AppDelegate.swift */; };
		95C156E52A8E33280025174B /* AboutView.swift in Sources */ = {isa = PBXBuildFile; fileRef = 95C156E42A8E33280025174B /* AboutView.swift */; };
		95EC47A22AA98896009530C5 /* RangeIntegerStrategy.swift in Sources */ = {isa = PBXBuildFile; fileRef = 95EC47A12AA98896009530C5 /* RangeIntegerStrategy.swift */; };
		95EC47A42AA988AE009530C5 /* FormatStyleExtension.swift in Sources */ = {isa = PBXBuildFile; fileRef = 95EC47A32AA988AE009530C5 /* FormatStyleExtension.swift */; };
		95EC47A62AA988C0009530C5 /* RangeIntegerStyle.swift in Sources */ = {isa = PBXBuildFile; fileRef = 95EC47A52AA988C0009530C5 /* RangeIntegerStyle.swift */; };
		95EC47A82AA98F1A009530C5 /* PublishingAppStorage.swift in Sources */ = {isa = PBXBuildFile; fileRef = 95EC47A72AA98F1A009530C5 /* PublishingAppStorage.swift */; };
		95EC47AA2AA9F0A0009530C5 /* Export.swift in Sources */ = {isa = PBXBuildFile; fileRef = 95EC47A92AA9F0A0009530C5 /* Export.swift */; };
		95FA31EC2952E56300F68B67 /* SettingsList.swift in Sources */ = {isa = PBXBuildFile; fileRef = 95FA31EB2952E56300F68B67 /* SettingsList.swift */; };
		95FA31EE2952E5E100F68B67 /* SettingsGrabView.swift in Sources */ = {isa = PBXBuildFile; fileRef = 95FA31ED2952E5E100F68B67 /* SettingsGrabView.swift */; };
		95FA31F02952EA9500F68B67 /* SettingsStripView.swift in Sources */ = {isa = PBXBuildFile; fileRef = 95FA31EF2952EA9500F68B67 /* SettingsStripView.swift */; };
		95FA31F529536EE900F68B67 /* LoaderView.swift in Sources */ = {isa = PBXBuildFile; fileRef = 95FA31F429536EE900F68B67 /* LoaderView.swift */; };
		95FA31F7295378C500F68B67 /* VideoTable.swift in Sources */ = {isa = PBXBuildFile; fileRef = 95FA31F6295378C500F68B67 /* VideoTable.swift */; };
		95FE5F832949CB7100171B8D /* GrabShotApp.swift in Sources */ = {isa = PBXBuildFile; fileRef = 95FE5F822949CB7100171B8D /* GrabShotApp.swift */; };
		95FE5F872949CB7100171B8D /* Assets.xcassets in Resources */ = {isa = PBXBuildFile; fileRef = 95FE5F862949CB7100171B8D /* Assets.xcassets */; };
		95FE5F8A2949CB7100171B8D /* Preview Assets.xcassets in Resources */ = {isa = PBXBuildFile; fileRef = 95FE5F892949CB7100171B8D /* Preview Assets.xcassets */; };
		95FE5F952949CB7200171B8D /* GrabShotTests.swift in Sources */ = {isa = PBXBuildFile; fileRef = 95FE5F942949CB7200171B8D /* GrabShotTests.swift */; };
		95FE5F9F2949CB7200171B8D /* GrabShotUITests.swift in Sources */ = {isa = PBXBuildFile; fileRef = 95FE5F9E2949CB7200171B8D /* GrabShotUITests.swift */; };
		95FE5FA12949CB7200171B8D /* GrabShotUITestsLaunchTests.swift in Sources */ = {isa = PBXBuildFile; fileRef = 95FE5FA02949CB7200171B8D /* GrabShotUITestsLaunchTests.swift */; };
		95FE5FC02949CBF600171B8D /* ContentView.swift in Sources */ = {isa = PBXBuildFile; fileRef = 95FE5FBA2949CBF600171B8D /* ContentView.swift */; };
		95FE5FC12949CBF600171B8D /* StripView.swift in Sources */ = {isa = PBXBuildFile; fileRef = 95FE5FBB2949CBF600171B8D /* StripView.swift */; };
		95FE5FC32949CBF600171B8D /* StripCountView.swift in Sources */ = {isa = PBXBuildFile; fileRef = 95FE5FBD2949CBF600171B8D /* StripCountView.swift */; };
		95FE5FC42949CBF600171B8D /* GrabView.swift in Sources */ = {isa = PBXBuildFile; fileRef = 95FE5FBE2949CBF600171B8D /* GrabView.swift */; };
		95FE5FC52949CBF600171B8D /* DropView.swift in Sources */ = {isa = PBXBuildFile; fileRef = 95FE5FBF2949CBF600171B8D /* DropView.swift */; };
		95FE5FCB2949CC0A00171B8D /* FileService.swift in Sources */ = {isa = PBXBuildFile; fileRef = 95FE5FC72949CC0A00171B8D /* FileService.swift */; };
		95FE5FCC2949CC0A00171B8D /* UserDefaultsService.swift in Sources */ = {isa = PBXBuildFile; fileRef = 95FE5FC82949CC0A00171B8D /* UserDefaultsService.swift */; };
		95FE5FCD2949CC0A00171B8D /* VideoService.swift in Sources */ = {isa = PBXBuildFile; fileRef = 95FE5FC92949CC0A00171B8D /* VideoService.swift */; };
		95FE5FCE2949CC0A00171B8D /* VideoDropDelegate.swift in Sources */ = {isa = PBXBuildFile; fileRef = 95FE5FCA2949CC0A00171B8D /* VideoDropDelegate.swift */; };
		95FE5FD82949CC1D00171B8D /* GrabState.swift in Sources */ = {isa = PBXBuildFile; fileRef = 95FE5FD02949CC1C00171B8D /* GrabState.swift */; };
		95FE5FD92949CC1D00171B8D /* Video.swift in Sources */ = {isa = PBXBuildFile; fileRef = 95FE5FD12949CC1C00171B8D /* Video.swift */; };
		95FE5FDA2949CC1D00171B8D /* GrabModel.swift in Sources */ = {isa = PBXBuildFile; fileRef = 95FE5FD22949CC1C00171B8D /* GrabModel.swift */; };
		95FE5FDB2949CC1D00171B8D /* VideoStore.swift in Sources */ = {isa = PBXBuildFile; fileRef = 95FE5FD32949CC1C00171B8D /* VideoStore.swift */; };
		95FE5FDC2949CC1D00171B8D /* Progress.swift in Sources */ = {isa = PBXBuildFile; fileRef = 95FE5FD42949CC1D00171B8D /* Progress.swift */; };
		95FE5FDF2949CC1D00171B8D /* StripModel.swift in Sources */ = {isa = PBXBuildFile; fileRef = 95FE5FD72949CC1D00171B8D /* StripModel.swift */; };
		95FE5FE42949CC3000171B8D /* CIImageExtension.swift in Sources */ = {isa = PBXBuildFile; fileRef = 95FE5FE12949CC3000171B8D /* CIImageExtension.swift */; };
		95FE5FE62949CC3000171B8D /* CGImageExtension.swift in Sources */ = {isa = PBXBuildFile; fileRef = 95FE5FE32949CC3000171B8D /* CGImageExtension.swift */; };
		95FE5FE82949CC4400171B8D /* GrabOperationManager.swift in Sources */ = {isa = PBXBuildFile; fileRef = 95FE5FE72949CC4400171B8D /* GrabOperationManager.swift */; };
		CC25F0E5FC024CCB47A6CA3B /* Pods_GrabShotTests.framework in Frameworks */ = {isa = PBXBuildFile; fileRef = 9188DCC57D69E7561A88CB62 /* Pods_GrabShotTests.framework */; };
		D50F0D34DF5A0A866A90896E /* Pods_GrabShot.framework in Frameworks */ = {isa = PBXBuildFile; fileRef = F2830D82949B53846CA8E7B1 /* Pods_GrabShot.framework */; };
/* End PBXBuildFile section */

/* Begin PBXContainerItemProxy section */
		95FE5F912949CB7200171B8D /* PBXContainerItemProxy */ = {
			isa = PBXContainerItemProxy;
			containerPortal = 95FE5F772949CB7100171B8D /* Project object */;
			proxyType = 1;
			remoteGlobalIDString = 95FE5F7E2949CB7100171B8D;
			remoteInfo = GrabShot;
		};
		95FE5F9B2949CB7200171B8D /* PBXContainerItemProxy */ = {
			isa = PBXContainerItemProxy;
			containerPortal = 95FE5F772949CB7100171B8D /* Project object */;
			proxyType = 1;
			remoteGlobalIDString = 95FE5F7E2949CB7100171B8D;
			remoteInfo = GrabShot;
		};
/* End PBXContainerItemProxy section */

/* Begin PBXFileReference section */
		2BFDCEF353EB146B6781FD53 /* Pods-GrabShotTests.debug.xcconfig */ = {isa = PBXFileReference; includeInIndex = 1; lastKnownFileType = text.xcconfig; name = "Pods-GrabShotTests.debug.xcconfig"; path = "Target Support Files/Pods-GrabShotTests/Pods-GrabShotTests.debug.xcconfig"; sourceTree = "<group>"; };
		4D974D7DDE36853434D9C5E0 /* Pods-GrabShot.release.xcconfig */ = {isa = PBXFileReference; includeInIndex = 1; lastKnownFileType = text.xcconfig; name = "Pods-GrabShot.release.xcconfig"; path = "Target Support Files/Pods-GrabShot/Pods-GrabShot.release.xcconfig"; sourceTree = "<group>"; };
		5E4B027D5F0C36BC4B89EBEE /* Pods-GrabShotTests.release.xcconfig */ = {isa = PBXFileReference; includeInIndex = 1; lastKnownFileType = text.xcconfig; name = "Pods-GrabShotTests.release.xcconfig"; path = "Target Support Files/Pods-GrabShotTests/Pods-GrabShotTests.release.xcconfig"; sourceTree = "<group>"; };
		65F67C5B0BF5D6D17B09CA87 /* Pods-GrabShot-GrabShotUITests.release.xcconfig */ = {isa = PBXFileReference; includeInIndex = 1; lastKnownFileType = text.xcconfig; name = "Pods-GrabShot-GrabShotUITests.release.xcconfig"; path = "Target Support Files/Pods-GrabShot-GrabShotUITests/Pods-GrabShot-GrabShotUITests.release.xcconfig"; sourceTree = "<group>"; };
		74F619E8B32520CC6BABBE1F /* Pods-GrabShot-GrabShotUITests.debug.xcconfig */ = {isa = PBXFileReference; includeInIndex = 1; lastKnownFileType = text.xcconfig; name = "Pods-GrabShot-GrabShotUITests.debug.xcconfig"; path = "Target Support Files/Pods-GrabShot-GrabShotUITests/Pods-GrabShot-GrabShotUITests.debug.xcconfig"; sourceTree = "<group>"; };
		80BDCE25DAE9D96A0A9061D6 /* Pods_GrabShot_GrabShotUITests.framework */ = {isa = PBXFileReference; explicitFileType = wrapper.framework; includeInIndex = 0; path = Pods_GrabShot_GrabShotUITests.framework; sourceTree = BUILT_PRODUCTS_DIR; };
		9188DCC57D69E7561A88CB62 /* Pods_GrabShotTests.framework */ = {isa = PBXFileReference; explicitFileType = wrapper.framework; includeInIndex = 0; path = Pods_GrabShotTests.framework; sourceTree = BUILT_PRODUCTS_DIR; };
		95224A592AA1C99C00C46868 /* ColorsExtractorService.swift */ = {isa = PBXFileReference; lastKnownFileType = sourcecode.swift; path = ColorsExtractorService.swift; sourceTree = "<group>"; };
		95224A5B2AA1FC5300C46868 /* Histogram.swift */ = {isa = PBXFileReference; lastKnownFileType = sourcecode.swift; path = Histogram.swift; sourceTree = "<group>"; };
		95224A5D2AA1FD7200C46868 /* ColorExtractMethod.swift */ = {isa = PBXFileReference; lastKnownFileType = sourcecode.swift; path = ColorExtractMethod.swift; sourceTree = "<group>"; };
		95224AA72AA5EE8B00C46868 /* DeltaEFormulaExtension.swift */ = {isa = PBXFileReference; lastKnownFileType = sourcecode.swift; path = DeltaEFormulaExtension.swift; sourceTree = "<group>"; };
		95224AA92AA607B100C46868 /* ColorMood.swift */ = {isa = PBXFileReference; lastKnownFileType = sourcecode.swift; path = ColorMood.swift; sourceTree = "<group>"; };
		95224AAB2AA6280E00C46868 /* ImageStripMethodSettings.swift */ = {isa = PBXFileReference; lastKnownFileType = sourcecode.swift; path = ImageStripMethodSettings.swift; sourceTree = "<group>"; };
		95224AAD2AA628FE00C46868 /* ImageStripMethodDefaultSettingsView.swift */ = {isa = PBXFileReference; lastKnownFileType = sourcecode.swift; path = ImageStripMethodDefaultSettingsView.swift; sourceTree = "<group>"; };
		95224AB02AA84B8100C46868 /* OnboardingPage.swift */ = {isa = PBXFileReference; lastKnownFileType = sourcecode.swift; path = OnboardingPage.swift; sourceTree = "<group>"; };
		95224AB42AA84C9000C46868 /* OnboardingView.swift */ = {isa = PBXFileReference; lastKnownFileType = sourcecode.swift; path = OnboardingView.swift; sourceTree = "<group>"; };
		95224AB62AA8571400C46868 /* WelcomePage.swift */ = {isa = PBXFileReference; lastKnownFileType = sourcecode.swift; path = WelcomePage.swift; sourceTree = "<group>"; };
		95224ABB2AA8626C00C46868 /* Window.swift */ = {isa = PBXFileReference; lastKnownFileType = sourcecode.swift; path = Window.swift; sourceTree = "<group>"; };
		95224AC12AA86B9600C46868 /* InterfacePage.swift */ = {isa = PBXFileReference; lastKnownFileType = sourcecode.swift; path = InterfacePage.swift; sourceTree = "<group>"; };
		95224AC52AA87D6800C46868 /* ImportVideoPage.swift */ = {isa = PBXFileReference; lastKnownFileType = sourcecode.swift; path = ImportVideoPage.swift; sourceTree = "<group>"; };
		95224AC72AA87FE600C46868 /* OverviewDetail.swift */ = {isa = PBXFileReference; lastKnownFileType = sourcecode.swift; path = OverviewDetail.swift; sourceTree = "<group>"; };
		95224AC92AA8826400C46868 /* OverviewTitle.swift */ = {isa = PBXFileReference; lastKnownFileType = sourcecode.swift; path = OverviewTitle.swift; sourceTree = "<group>"; };
		95224ACB2AA883E600C46868 /* ImportImagePage.swift */ = {isa = PBXFileReference; lastKnownFileType = sourcecode.swift; path = ImportImagePage.swift; sourceTree = "<group>"; };
		95224ACD2AA88DF400C46868 /* GrabOverviewPage.swift */ = {isa = PBXFileReference; lastKnownFileType = sourcecode.swift; path = GrabOverviewPage.swift; sourceTree = "<group>"; };
		95224ACF2AA890E400C46868 /* ImageStripOverviewPage.swift */ = {isa = PBXFileReference; lastKnownFileType = sourcecode.swift; path = ImageStripOverviewPage.swift; sourceTree = "<group>"; };
		95224AD32AA89ED700C46868 /* ImageGlass.swift */ = {isa = PBXFileReference; lastKnownFileType = sourcecode.swift; path = ImageGlass.swift; sourceTree = "<group>"; };
		9537881E294A20C500415ECD /* SettingsModel.swift */ = {isa = PBXFileReference; lastKnownFileType = sourcecode.swift; path = SettingsModel.swift; sourceTree = "<group>"; };
		95378822294A2F6500415ECD /* ResolutionNumberFormatter.swift */ = {isa = PBXFileReference; lastKnownFileType = sourcecode.swift; path = ResolutionNumberFormatter.swift; sourceTree = "<group>"; };
		9538F56B2A8406EC0080B3F9 /* VideoServiceError.swift */ = {isa = PBXFileReference; lastKnownFileType = sourcecode.swift; path = VideoServiceError.swift; sourceTree = "<group>"; };
		9538F56D2A8415DC0080B3F9 /* VideoTableModel.swift */ = {isa = PBXFileReference; lastKnownFileType = sourcecode.swift; path = VideoTableModel.swift; sourceTree = "<group>"; };
		9538F5712A8499FF0080B3F9 /* SettingsView.swift */ = {isa = PBXFileReference; lastKnownFileType = sourcecode.swift; path = SettingsView.swift; sourceTree = "<group>"; };
		9538F5732A849A220080B3F9 /* SettingsViewModel.swift */ = {isa = PBXFileReference; lastKnownFileType = sourcecode.swift; path = SettingsViewModel.swift; sourceTree = "<group>"; };
		9538F57A2A89F7D80080B3F9 /* DurationFormatter.swift */ = {isa = PBXFileReference; lastKnownFileType = sourcecode.swift; path = DurationFormatter.swift; sourceTree = "<group>"; };
		9538F57C2A8A13650080B3F9 /* AsyncOperation.swift */ = {isa = PBXFileReference; lastKnownFileType = sourcecode.swift; path = AsyncOperation.swift; sourceTree = "<group>"; };
		9538F57E2A8A15FB0080B3F9 /* GrabOperation.swift */ = {isa = PBXFileReference; lastKnownFileType = sourcecode.swift; path = GrabOperation.swift; sourceTree = "<group>"; };
		9538F5832A8A26F50080B3F9 /* GrabProgressView.swift */ = {isa = PBXFileReference; lastKnownFileType = sourcecode.swift; path = GrabProgressView.swift; sourceTree = "<group>"; };
		9538F58C2A8BA8440080B3F9 /* StripManagerVideo.swift */ = {isa = PBXFileReference; lastKnownFileType = sourcecode.swift; path = StripManagerVideo.swift; sourceTree = "<group>"; };
		9538F59C2A8BAE8A0080B3F9 /* DropError.swift */ = {isa = PBXFileReference; lastKnownFileType = sourcecode.swift; path = DropError.swift; sourceTree = "<group>"; };
		9538F5A72A8BC3690080B3F9 /* CoordinatorTab.swift */ = {isa = PBXFileReference; lastKnownFileType = sourcecode.swift; path = CoordinatorTab.swift; sourceTree = "<group>"; };
		9538F5A92A8BC3AE0080B3F9 /* Tab.swift */ = {isa = PBXFileReference; lastKnownFileType = sourcecode.swift; path = Tab.swift; sourceTree = "<group>"; };
		9538F5AD2A8BFCAF0080B3F9 /* GrabError.swift */ = {isa = PBXFileReference; lastKnownFileType = sourcecode.swift; path = GrabError.swift; sourceTree = "<group>"; };
		9538F5AF2A8C91000080B3F9 /* GrabShotError.swift */ = {isa = PBXFileReference; lastKnownFileType = sourcecode.swift; path = GrabShotError.swift; sourceTree = "<group>"; };
		9538F5B12A8C96AE0080B3F9 /* DropViewModel.swift */ = {isa = PBXFileReference; lastKnownFileType = sourcecode.swift; path = DropViewModel.swift; sourceTree = "<group>"; };
		9538F5B32A8CA6250080B3F9 /* DropErrorHandler.swift */ = {isa = PBXFileReference; lastKnownFileType = sourcecode.swift; path = DropErrorHandler.swift; sourceTree = "<group>"; };
		9538F5B82A8CACBD0080B3F9 /* Grid.swift */ = {isa = PBXFileReference; lastKnownFileType = sourcecode.swift; path = Grid.swift; sourceTree = "<group>"; };
		95606AA92A9DA7F80069F9C5 /* ImageStripView.swift */ = {isa = PBXFileReference; lastKnownFileType = sourcecode.swift; path = ImageStripView.swift; sourceTree = "<group>"; };
		95606AAD2A9DA90B0069F9C5 /* ImageDropDelegate.swift */ = {isa = PBXFileReference; lastKnownFileType = sourcecode.swift; path = ImageDropDelegate.swift; sourceTree = "<group>"; };
		95606AB02A9DC27A0069F9C5 /* ImageHandler.swift */ = {isa = PBXFileReference; lastKnownFileType = sourcecode.swift; path = ImageHandler.swift; sourceTree = "<group>"; };
		95606AB22A9DC35E0069F9C5 /* DropImageIcon.swift */ = {isa = PBXFileReference; lastKnownFileType = sourcecode.swift; path = DropImageIcon.swift; sourceTree = "<group>"; };
		95606AB42A9DE3A60069F9C5 /* StripColorPickerView.swift */ = {isa = PBXFileReference; lastKnownFileType = sourcecode.swift; path = StripColorPickerView.swift; sourceTree = "<group>"; };
		95606AB62A9DE7C40069F9C5 /* ImageSidebar.swift */ = {isa = PBXFileReference; lastKnownFileType = sourcecode.swift; path = ImageSidebar.swift; sourceTree = "<group>"; };
		95606AB82A9DE7D30069F9C5 /* ImageSidebarModel.swift */ = {isa = PBXFileReference; lastKnownFileType = sourcecode.swift; path = ImageSidebarModel.swift; sourceTree = "<group>"; };
		95606ABB2A9DE8E60069F9C5 /* ImageStore.swift */ = {isa = PBXFileReference; lastKnownFileType = sourcecode.swift; path = ImageStore.swift; sourceTree = "<group>"; };
		95606ABD2A9E01DC0069F9C5 /* ImageItem.swift */ = {isa = PBXFileReference; lastKnownFileType = sourcecode.swift; path = ImageItem.swift; sourceTree = "<group>"; };
		95606ABF2A9E0CB10069F9C5 /* StripManagerImage.swift */ = {isa = PBXFileReference; lastKnownFileType = sourcecode.swift; path = StripManagerImage.swift; sourceTree = "<group>"; };
		956CE41E2987C9F8005ACF42 /* en */ = {isa = PBXFileReference; lastKnownFileType = text.plist.strings; name = en; path = en.lproj/Localizable.strings; sourceTree = "<group>"; };
		956CE421298800E4005ACF42 /* ru */ = {isa = PBXFileReference; lastKnownFileType = text.plist.strings; name = ru; path = ru.lproj/Localizable.strings; sourceTree = "<group>"; };
		957B9D642A8FA9E600D2DA95 /* VideoTableColumnOutputItemView.swift */ = {isa = PBXFileReference; lastKnownFileType = sourcecode.swift; path = VideoTableColumnOutputItemView.swift; sourceTree = "<group>"; };
		957B9D662A8FABBE00D2DA95 /* VideoTableColumnToggleItemView.swift */ = {isa = PBXFileReference; lastKnownFileType = sourcecode.swift; path = VideoTableColumnToggleItemView.swift; sourceTree = "<group>"; };
		957B9D6B2A937AD800D2DA95 /* VideoTableColumnTitleItemView.swift */ = {isa = PBXFileReference; lastKnownFileType = sourcecode.swift; path = VideoTableColumnTitleItemView.swift; sourceTree = "<group>"; };
		957B9D6D2A937BAC00D2DA95 /* VideoTableColumnDurationItemView.swift */ = {isa = PBXFileReference; lastKnownFileType = sourcecode.swift; path = VideoTableColumnDurationItemView.swift; sourceTree = "<group>"; };
		957B9D6F2A937CA600D2DA95 /* VideoTableColumnShotsItemView.swift */ = {isa = PBXFileReference; lastKnownFileType = sourcecode.swift; path = VideoTableColumnShotsItemView.swift; sourceTree = "<group>"; };
		957B9D712A937DF300D2DA95 /* VideoTableColumnProgressItemView.swift */ = {isa = PBXFileReference; lastKnownFileType = sourcecode.swift; path = VideoTableColumnProgressItemView.swift; sourceTree = "<group>"; };
		959198182A962B7800DB209A /* TimecodeRangeView.swift */ = {isa = PBXFileReference; lastKnownFileType = sourcecode.swift; path = TimecodeRangeView.swift; sourceTree = "<group>"; };
		9591981A2A963C0600DB209A /* Timecode.swift */ = {isa = PBXFileReference; lastKnownFileType = sourcecode.swift; path = Timecode.swift; sourceTree = "<group>"; };
		9591981C2A9651F900DB209A /* VideoTableColumnIntervalItemView.swift */ = {isa = PBXFileReference; lastKnownFileType = sourcecode.swift; path = VideoTableColumnIntervalItemView.swift; sourceTree = "<group>"; };
		9591981E2A9656FC00DB209A /* RangeType.swift */ = {isa = PBXFileReference; lastKnownFileType = sourcecode.swift; path = RangeType.swift; sourceTree = "<group>"; };
		959198202A96799200DB209A /* TimecodeStepper.swift */ = {isa = PBXFileReference; lastKnownFileType = sourcecode.swift; path = TimecodeStepper.swift; sourceTree = "<group>"; };
		959198222A967D7600DB209A /* HourNumberFormatter.swift */ = {isa = PBXFileReference; fileEncoding = 4; lastKnownFileType = sourcecode.swift; path = HourNumberFormatter.swift; sourceTree = "<group>"; };
		959198242A967DD000DB209A /* MinuteNumberFormatter.swift */ = {isa = PBXFileReference; lastKnownFileType = sourcecode.swift; path = MinuteNumberFormatter.swift; sourceTree = "<group>"; };
		959198262A967DDB00DB209A /* SecondNumberFormatter.swift */ = {isa = PBXFileReference; lastKnownFileType = sourcecode.swift; path = SecondNumberFormatter.swift; sourceTree = "<group>"; };
		95967EC92AA101C200ADECAD /* ImageRenderService.swift */ = {isa = PBXFileReference; lastKnownFileType = sourcecode.swift; path = ImageRenderService.swift; sourceTree = "<group>"; };
		95967ECC2AA102DB00ADECAD /* ImageRenderServiceError.swift */ = {isa = PBXFileReference; lastKnownFileType = sourcecode.swift; path = ImageRenderServiceError.swift; sourceTree = "<group>"; };
		95967ECE2AA1109400ADECAD /* ImageMergeOperation.swift */ = {isa = PBXFileReference; lastKnownFileType = sourcecode.swift; path = ImageMergeOperation.swift; sourceTree = "<group>"; };
		95967ED52AA19F2900ADECAD /* BagelProgressStyle.swift */ = {isa = PBXFileReference; lastKnownFileType = sourcecode.swift; path = BagelProgressStyle.swift; sourceTree = "<group>"; };
		95AB01102A9E260100AF5483 /* ImageStrip.swift */ = {isa = PBXFileReference; lastKnownFileType = sourcecode.swift; path = ImageStrip.swift; sourceTree = "<group>"; };
		95AB01142A9E44D200AF5483 /* ImageStripViewModel.swift */ = {isa = PBXFileReference; lastKnownFileType = sourcecode.swift; path = ImageStripViewModel.swift; sourceTree = "<group>"; };
		95AB01162A9E5A8000AF5483 /* ExportDirectory.swift */ = {isa = PBXFileReference; lastKnownFileType = sourcecode.swift; path = ExportDirectory.swift; sourceTree = "<group>"; };
		95AB011B2A9E5C8500AF5483 /* ImageStripError.swift */ = {isa = PBXFileReference; lastKnownFileType = sourcecode.swift; path = ImageStripError.swift; sourceTree = "<group>"; };
		95AB011D2A9E623B00AF5483 /* ImageStripSettingsView.swift */ = {isa = PBXFileReference; lastKnownFileType = sourcecode.swift; path = ImageStripSettingsView.swift; sourceTree = "<group>"; };
		95AB01272A9E8A8800AF5483 /* ImageDocument.swift */ = {isa = PBXFileReference; lastKnownFileType = sourcecode.swift; path = ImageDocument.swift; sourceTree = "<group>"; };
		95AB01322A9F5AA700AF5483 /* VideoStripSettingsView.swift */ = {isa = PBXFileReference; lastKnownFileType = sourcecode.swift; path = VideoStripSettingsView.swift; sourceTree = "<group>"; };
		95AB01342A9F790600AF5483 /* DropZoneView.swift */ = {isa = PBXFileReference; lastKnownFileType = sourcecode.swift; path = DropZoneView.swift; sourceTree = "<group>"; };
		95AB01362A9F7A6100AF5483 /* DropVideoIcon.swift */ = {isa = PBXFileReference; lastKnownFileType = sourcecode.swift; path = DropVideoIcon.swift; sourceTree = "<group>"; };
		95AB01382A9FAB9600AF5483 /* ColorPickerItem.swift */ = {isa = PBXFileReference; lastKnownFileType = sourcecode.swift; path = ColorPickerItem.swift; sourceTree = "<group>"; };
		95AB013A2A9FBC6700AF5483 /* StripRenderView.swift */ = {isa = PBXFileReference; lastKnownFileType = sourcecode.swift; path = StripRenderView.swift; sourceTree = "<group>"; };
		95C156DB2A8DEEAD0025174B /* GrabCounter.swift */ = {isa = PBXFileReference; lastKnownFileType = sourcecode.swift; path = GrabCounter.swift; sourceTree = "<group>"; };
		95C156DE2A8E09DB0025174B /* GrabShotCommands.swift */ = {isa = PBXFileReference; lastKnownFileType = sourcecode.swift; path = GrabShotCommands.swift; sourceTree = "<group>"; };
		95C156E02A8E121C0025174B /* DropAnimator.swift */ = {isa = PBXFileReference; lastKnownFileType = sourcecode.swift; path = DropAnimator.swift; sourceTree = "<group>"; };
		95C156E22A8E32BE0025174B /* AppDelegate.swift */ = {isa = PBXFileReference; lastKnownFileType = sourcecode.swift; path = AppDelegate.swift; sourceTree = "<group>"; };
		95C156E42A8E33280025174B /* AboutView.swift */ = {isa = PBXFileReference; lastKnownFileType = sourcecode.swift; path = AboutView.swift; sourceTree = "<group>"; };
		95EC47A12AA98896009530C5 /* RangeIntegerStrategy.swift */ = {isa = PBXFileReference; lastKnownFileType = sourcecode.swift; path = RangeIntegerStrategy.swift; sourceTree = "<group>"; };
		95EC47A32AA988AE009530C5 /* FormatStyleExtension.swift */ = {isa = PBXFileReference; lastKnownFileType = sourcecode.swift; path = FormatStyleExtension.swift; sourceTree = "<group>"; };
		95EC47A52AA988C0009530C5 /* RangeIntegerStyle.swift */ = {isa = PBXFileReference; lastKnownFileType = sourcecode.swift; path = RangeIntegerStyle.swift; sourceTree = "<group>"; };
		95EC47A72AA98F1A009530C5 /* PublishingAppStorage.swift */ = {isa = PBXFileReference; lastKnownFileType = sourcecode.swift; path = PublishingAppStorage.swift; sourceTree = "<group>"; };
		95EC47A92AA9F0A0009530C5 /* Export.swift */ = {isa = PBXFileReference; lastKnownFileType = sourcecode.swift; path = Export.swift; sourceTree = "<group>"; };
		95FA31EB2952E56300F68B67 /* SettingsList.swift */ = {isa = PBXFileReference; lastKnownFileType = sourcecode.swift; path = SettingsList.swift; sourceTree = "<group>"; };
		95FA31ED2952E5E100F68B67 /* SettingsGrabView.swift */ = {isa = PBXFileReference; lastKnownFileType = sourcecode.swift; path = SettingsGrabView.swift; sourceTree = "<group>"; };
		95FA31EF2952EA9500F68B67 /* SettingsStripView.swift */ = {isa = PBXFileReference; lastKnownFileType = sourcecode.swift; path = SettingsStripView.swift; sourceTree = "<group>"; };
		95FA31F429536EE900F68B67 /* LoaderView.swift */ = {isa = PBXFileReference; lastKnownFileType = sourcecode.swift; path = LoaderView.swift; sourceTree = "<group>"; };
		95FA31F6295378C500F68B67 /* VideoTable.swift */ = {isa = PBXFileReference; lastKnownFileType = sourcecode.swift; path = VideoTable.swift; sourceTree = "<group>"; };
		95FE5F7F2949CB7100171B8D /* GrabShot.app */ = {isa = PBXFileReference; explicitFileType = wrapper.application; includeInIndex = 0; path = GrabShot.app; sourceTree = BUILT_PRODUCTS_DIR; };
		95FE5F822949CB7100171B8D /* GrabShotApp.swift */ = {isa = PBXFileReference; lastKnownFileType = sourcecode.swift; path = GrabShotApp.swift; sourceTree = "<group>"; };
		95FE5F862949CB7100171B8D /* Assets.xcassets */ = {isa = PBXFileReference; lastKnownFileType = folder.assetcatalog; path = Assets.xcassets; sourceTree = "<group>"; };
		95FE5F892949CB7100171B8D /* Preview Assets.xcassets */ = {isa = PBXFileReference; lastKnownFileType = folder.assetcatalog; path = "Preview Assets.xcassets"; sourceTree = "<group>"; };
		95FE5F8B2949CB7100171B8D /* GrabShot.entitlements */ = {isa = PBXFileReference; lastKnownFileType = text.plist.entitlements; path = GrabShot.entitlements; sourceTree = "<group>"; };
		95FE5F902949CB7200171B8D /* GrabShotTests.xctest */ = {isa = PBXFileReference; explicitFileType = wrapper.cfbundle; includeInIndex = 0; path = GrabShotTests.xctest; sourceTree = BUILT_PRODUCTS_DIR; };
		95FE5F942949CB7200171B8D /* GrabShotTests.swift */ = {isa = PBXFileReference; lastKnownFileType = sourcecode.swift; path = GrabShotTests.swift; sourceTree = "<group>"; };
		95FE5F9A2949CB7200171B8D /* GrabShotUITests.xctest */ = {isa = PBXFileReference; explicitFileType = wrapper.cfbundle; includeInIndex = 0; path = GrabShotUITests.xctest; sourceTree = BUILT_PRODUCTS_DIR; };
		95FE5F9E2949CB7200171B8D /* GrabShotUITests.swift */ = {isa = PBXFileReference; lastKnownFileType = sourcecode.swift; path = GrabShotUITests.swift; sourceTree = "<group>"; };
		95FE5FA02949CB7200171B8D /* GrabShotUITestsLaunchTests.swift */ = {isa = PBXFileReference; lastKnownFileType = sourcecode.swift; path = GrabShotUITestsLaunchTests.swift; sourceTree = "<group>"; };
		95FE5FBA2949CBF600171B8D /* ContentView.swift */ = {isa = PBXFileReference; fileEncoding = 4; lastKnownFileType = sourcecode.swift; path = ContentView.swift; sourceTree = "<group>"; };
		95FE5FBB2949CBF600171B8D /* StripView.swift */ = {isa = PBXFileReference; fileEncoding = 4; lastKnownFileType = sourcecode.swift; path = StripView.swift; sourceTree = "<group>"; };
		95FE5FBD2949CBF600171B8D /* StripCountView.swift */ = {isa = PBXFileReference; fileEncoding = 4; lastKnownFileType = sourcecode.swift; path = StripCountView.swift; sourceTree = "<group>"; };
		95FE5FBE2949CBF600171B8D /* GrabView.swift */ = {isa = PBXFileReference; fileEncoding = 4; lastKnownFileType = sourcecode.swift; path = GrabView.swift; sourceTree = "<group>"; };
		95FE5FBF2949CBF600171B8D /* DropView.swift */ = {isa = PBXFileReference; fileEncoding = 4; lastKnownFileType = sourcecode.swift; path = DropView.swift; sourceTree = "<group>"; };
		95FE5FC72949CC0A00171B8D /* FileService.swift */ = {isa = PBXFileReference; fileEncoding = 4; lastKnownFileType = sourcecode.swift; path = FileService.swift; sourceTree = "<group>"; };
		95FE5FC82949CC0A00171B8D /* UserDefaultsService.swift */ = {isa = PBXFileReference; fileEncoding = 4; lastKnownFileType = sourcecode.swift; path = UserDefaultsService.swift; sourceTree = "<group>"; };
		95FE5FC92949CC0A00171B8D /* VideoService.swift */ = {isa = PBXFileReference; fileEncoding = 4; lastKnownFileType = sourcecode.swift; path = VideoService.swift; sourceTree = "<group>"; };
		95FE5FCA2949CC0A00171B8D /* VideoDropDelegate.swift */ = {isa = PBXFileReference; fileEncoding = 4; lastKnownFileType = sourcecode.swift; path = VideoDropDelegate.swift; sourceTree = "<group>"; };
		95FE5FD02949CC1C00171B8D /* GrabState.swift */ = {isa = PBXFileReference; fileEncoding = 4; lastKnownFileType = sourcecode.swift; path = GrabState.swift; sourceTree = "<group>"; };
		95FE5FD12949CC1C00171B8D /* Video.swift */ = {isa = PBXFileReference; fileEncoding = 4; lastKnownFileType = sourcecode.swift; path = Video.swift; sourceTree = "<group>"; };
		95FE5FD22949CC1C00171B8D /* GrabModel.swift */ = {isa = PBXFileReference; fileEncoding = 4; lastKnownFileType = sourcecode.swift; path = GrabModel.swift; sourceTree = "<group>"; };
		95FE5FD32949CC1C00171B8D /* VideoStore.swift */ = {isa = PBXFileReference; fileEncoding = 4; lastKnownFileType = sourcecode.swift; path = VideoStore.swift; sourceTree = "<group>"; };
		95FE5FD42949CC1D00171B8D /* Progress.swift */ = {isa = PBXFileReference; fileEncoding = 4; lastKnownFileType = sourcecode.swift; path = Progress.swift; sourceTree = "<group>"; };
		95FE5FD72949CC1D00171B8D /* StripModel.swift */ = {isa = PBXFileReference; fileEncoding = 4; lastKnownFileType = sourcecode.swift; path = StripModel.swift; sourceTree = "<group>"; };
		95FE5FE12949CC3000171B8D /* CIImageExtension.swift */ = {isa = PBXFileReference; fileEncoding = 4; lastKnownFileType = sourcecode.swift; path = CIImageExtension.swift; sourceTree = "<group>"; };
		95FE5FE32949CC3000171B8D /* CGImageExtension.swift */ = {isa = PBXFileReference; fileEncoding = 4; lastKnownFileType = sourcecode.swift; path = CGImageExtension.swift; sourceTree = "<group>"; };
		95FE5FE72949CC4400171B8D /* GrabOperationManager.swift */ = {isa = PBXFileReference; fileEncoding = 4; lastKnownFileType = sourcecode.swift; path = GrabOperationManager.swift; sourceTree = "<group>"; };
		A9E6E9681C5EAFFB98B6341C /* Pods-GrabShot.debug.xcconfig */ = {isa = PBXFileReference; includeInIndex = 1; lastKnownFileType = text.xcconfig; name = "Pods-GrabShot.debug.xcconfig"; path = "Target Support Files/Pods-GrabShot/Pods-GrabShot.debug.xcconfig"; sourceTree = "<group>"; };
		F2830D82949B53846CA8E7B1 /* Pods_GrabShot.framework */ = {isa = PBXFileReference; explicitFileType = wrapper.framework; includeInIndex = 0; path = Pods_GrabShot.framework; sourceTree = BUILT_PRODUCTS_DIR; };
/* End PBXFileReference section */

/* Begin PBXFrameworksBuildPhase section */
		95FE5F7C2949CB7100171B8D /* Frameworks */ = {
			isa = PBXFrameworksBuildPhase;
			buildActionMask = 2147483647;
			files = (
				95224AA62AA5CBC400C46868 /* DominantColors in Frameworks */,
				D50F0D34DF5A0A866A90896E /* Pods_GrabShot.framework in Frameworks */,
			);
			runOnlyForDeploymentPostprocessing = 0;
		};
		95FE5F8D2949CB7200171B8D /* Frameworks */ = {
			isa = PBXFrameworksBuildPhase;
			buildActionMask = 2147483647;
			files = (
				CC25F0E5FC024CCB47A6CA3B /* Pods_GrabShotTests.framework in Frameworks */,
			);
			runOnlyForDeploymentPostprocessing = 0;
		};
		95FE5F972949CB7200171B8D /* Frameworks */ = {
			isa = PBXFrameworksBuildPhase;
			buildActionMask = 2147483647;
			files = (
				02606749A7F67DD9822B61A5 /* Pods_GrabShot_GrabShotUITests.framework in Frameworks */,
			);
			runOnlyForDeploymentPostprocessing = 0;
		};
/* End PBXFrameworksBuildPhase section */

/* Begin PBXGroup section */
		7D9D6902A8AE2CA619B7E80C /* Pods */ = {
			isa = PBXGroup;
			children = (
				A9E6E9681C5EAFFB98B6341C /* Pods-GrabShot.debug.xcconfig */,
				4D974D7DDE36853434D9C5E0 /* Pods-GrabShot.release.xcconfig */,
				74F619E8B32520CC6BABBE1F /* Pods-GrabShot-GrabShotUITests.debug.xcconfig */,
				65F67C5B0BF5D6D17B09CA87 /* Pods-GrabShot-GrabShotUITests.release.xcconfig */,
				2BFDCEF353EB146B6781FD53 /* Pods-GrabShotTests.debug.xcconfig */,
				5E4B027D5F0C36BC4B89EBEE /* Pods-GrabShotTests.release.xcconfig */,
			);
			path = Pods;
			sourceTree = "<group>";
		};
		950378172A40C54F00DDC848 /* Flow */ = {
			isa = PBXGroup;
			children = (
				9503781F2A40C5F500DDC848 /* ContentView */,
				95224AAF2AA84B6900C46868 /* Onboarding */,
				950378192A40C56200DDC848 /* Drop */,
				9503781A2A40C56D00DDC848 /* Grab */,
				95606AA82A9DA78B0069F9C5 /* ImageStrip */,
				9503781B2A40C59400DDC848 /* Strip */,
				95C156E62A8E337E0025174B /* About */,
				950378182A40C55C00DDC848 /* Settings */,
			);
			path = Flow;
			sourceTree = "<group>";
		};
		950378182A40C55C00DDC848 /* Settings */ = {
			isa = PBXGroup;
			children = (
				950378262A40C75100DDC848 /* View */,
				950378252A40C72A00DDC848 /* ViewModel */,
			);
			path = Settings;
			sourceTree = "<group>";
		};
		950378192A40C56200DDC848 /* Drop */ = {
			isa = PBXGroup;
			children = (
				9538F5A42A8BB24F0080B3F9 /* DropView */,
			);
			path = Drop;
			sourceTree = "<group>";
		};
		9503781A2A40C56D00DDC848 /* Grab */ = {
			isa = PBXGroup;
			children = (
				9503781C2A40C5C300DDC848 /* GrabView */,
			);
			path = Grab;
			sourceTree = "<group>";
		};
		9503781B2A40C59400DDC848 /* Strip */ = {
			isa = PBXGroup;
			children = (
				950378232A40C6CC00DDC848 /* View */,
				950378242A40C6D000DDC848 /* ModelView */,
			);
			path = Strip;
			sourceTree = "<group>";
		};
		9503781C2A40C5C300DDC848 /* GrabView */ = {
			isa = PBXGroup;
			children = (
				9538F56F2A8419130080B3F9 /* View */,
				9503781D2A40C5CA00DDC848 /* ViewModel */,
				9538F5752A84AC090080B3F9 /* Subviews */,
			);
			path = GrabView;
			sourceTree = "<group>";
		};
		9503781D2A40C5CA00DDC848 /* ViewModel */ = {
			isa = PBXGroup;
			children = (
				95FE5FD22949CC1C00171B8D /* GrabModel.swift */,
				9538F5AD2A8BFCAF0080B3F9 /* GrabError.swift */,
			);
			path = ViewModel;
			sourceTree = "<group>";
		};
		9503781E2A40C5E800DDC848 /* Entity */ = {
			isa = PBXGroup;
			children = (
				95FE5FD42949CC1D00171B8D /* Progress.swift */,
				95FE5FD02949CC1C00171B8D /* GrabState.swift */,
				95FE5FD12949CC1C00171B8D /* Video.swift */,
				95AB01102A9E260100AF5483 /* ImageStrip.swift */,
				9591981A2A963C0600DB209A /* Timecode.swift */,
			);
			path = Entity;
			sourceTree = "<group>";
		};
		9503781F2A40C5F500DDC848 /* ContentView */ = {
			isa = PBXGroup;
			children = (
				95FE5FBA2949CBF600171B8D /* ContentView.swift */,
				9538F5A72A8BC3690080B3F9 /* CoordinatorTab.swift */,
				9538F5A92A8BC3AE0080B3F9 /* Tab.swift */,
				9538F5AF2A8C91000080B3F9 /* GrabShotError.swift */,
				9591981E2A9656FC00DB209A /* RangeType.swift */,
			);
			path = ContentView;
			sourceTree = "<group>";
		};
		950378222A40C63100DDC848 /* VideoTable */ = {
			isa = PBXGroup;
			children = (
				95FA31F6295378C500F68B67 /* VideoTable.swift */,
				957B9D682A8FADAE00D2DA95 /* SubviewsColumn */,
				9538F56D2A8415DC0080B3F9 /* VideoTableModel.swift */,
			);
			path = VideoTable;
			sourceTree = "<group>";
		};
		950378232A40C6CC00DDC848 /* View */ = {
			isa = PBXGroup;
			children = (
				95FE5FBB2949CBF600171B8D /* StripView.swift */,
				95FE5FBD2949CBF600171B8D /* StripCountView.swift */,
			);
			path = View;
			sourceTree = "<group>";
		};
		950378242A40C6D000DDC848 /* ModelView */ = {
			isa = PBXGroup;
			children = (
				95FE5FD72949CC1D00171B8D /* StripModel.swift */,
			);
			path = ModelView;
			sourceTree = "<group>";
		};
		950378252A40C72A00DDC848 /* ViewModel */ = {
			isa = PBXGroup;
			children = (
				9537881E294A20C500415ECD /* SettingsModel.swift */,
			);
			path = ViewModel;
			sourceTree = "<group>";
		};
		950378262A40C75100DDC848 /* View */ = {
			isa = PBXGroup;
			children = (
				95FA31EB2952E56300F68B67 /* SettingsList.swift */,
				95FA31EF2952EA9500F68B67 /* SettingsStripView.swift */,
				95FA31ED2952E5E100F68B67 /* SettingsGrabView.swift */,
				95AB01312A9F5A7C00AF5483 /* Subviews */,
			);
			path = View;
			sourceTree = "<group>";
		};
		950378282A40C77500DDC848 /* View */ = {
			isa = PBXGroup;
			children = (
				95FE5FBF2949CBF600171B8D /* DropView.swift */,
				95AB01362A9F7A6100AF5483 /* DropVideoIcon.swift */,
				9503782A2A40C78A00DDC848 /* Subviews */,
			);
			path = View;
			sourceTree = "<group>";
		};
		950378292A40C77C00DDC848 /* ViewModel */ = {
			isa = PBXGroup;
			children = (
				9538F5B12A8C96AE0080B3F9 /* DropViewModel.swift */,
			);
			path = ViewModel;
			sourceTree = "<group>";
		};
		9503782A2A40C78A00DDC848 /* Subviews */ = {
			isa = PBXGroup;
			children = (
				95FA31F429536EE900F68B67 /* LoaderView.swift */,
			);
			path = Subviews;
			sourceTree = "<group>";
		};
		9503782B2A40E68100DDC848 /* Extensions */ = {
			isa = PBXGroup;
			children = (
				95FE5FE32949CC3000171B8D /* CGImageExtension.swift */,
				95FE5FE12949CC3000171B8D /* CIImageExtension.swift */,
				95EC47A32AA988AE009530C5 /* FormatStyleExtension.swift */,
				95EC47A72AA98F1A009530C5 /* PublishingAppStorage.swift */,
			);
			path = Extensions;
			sourceTree = "<group>";
		};
		9503782C2A40E6D600DDC848 /* Core */ = {
			isa = PBXGroup;
			children = (
				95AB01212A9E753500AF5483 /* ImageStore */,
				95AB011A2A9E5ABA00AF5483 /* FileDocument */,
				95C156DD2A8DEEB50025174B /* GrabCounter */,
				9538F5B72A8CACB40080B3F9 /* Constant */,
				950378302A40E74800DDC848 /* Session */,
				9538F58B2A8BA8230080B3F9 /* StripManager */,
				9503782E2A40E72A00DDC848 /* GrabOperationManager */,
				9503782F2A40E73A00DDC848 /* Drop */,
				9503782D2A40E6FA00DDC848 /* UserDefaults */,
			);
			path = Core;
			sourceTree = "<group>";
		};
		9503782D2A40E6FA00DDC848 /* UserDefaults */ = {
			isa = PBXGroup;
			children = (
				95FE5FC82949CC0A00171B8D /* UserDefaultsService.swift */,
			);
			path = UserDefaults;
			sourceTree = "<group>";
		};
		9503782E2A40E72A00DDC848 /* GrabOperationManager */ = {
			isa = PBXGroup;
			children = (
				95FE5FE72949CC4400171B8D /* GrabOperationManager.swift */,
				9538F57C2A8A13650080B3F9 /* AsyncOperation.swift */,
				9538F57E2A8A15FB0080B3F9 /* GrabOperation.swift */,
			);
			path = GrabOperationManager;
			sourceTree = "<group>";
		};
		9503782F2A40E73A00DDC848 /* Drop */ = {
			isa = PBXGroup;
			children = (
				95FE5FCA2949CC0A00171B8D /* VideoDropDelegate.swift */,
				95606AAD2A9DA90B0069F9C5 /* ImageDropDelegate.swift */,
				95C156E02A8E121C0025174B /* DropAnimator.swift */,
				9538F59C2A8BAE8A0080B3F9 /* DropError.swift */,
				95606AB02A9DC27A0069F9C5 /* ImageHandler.swift */,
				9538F5B32A8CA6250080B3F9 /* DropErrorHandler.swift */,
			);
			path = Drop;
			sourceTree = "<group>";
		};
		950378302A40E74800DDC848 /* Session */ = {
			isa = PBXGroup;
			children = (
				95FE5FD32949CC1C00171B8D /* VideoStore.swift */,
			);
			path = Session;
			sourceTree = "<group>";
		};
		950378312A40E75A00DDC848 /* Formatters */ = {
			isa = PBXGroup;
			children = (
				959198222A967D7600DB209A /* HourNumberFormatter.swift */,
				959198242A967DD000DB209A /* MinuteNumberFormatter.swift */,
				959198262A967DDB00DB209A /* SecondNumberFormatter.swift */,
				95378822294A2F6500415ECD /* ResolutionNumberFormatter.swift */,
				9538F57A2A89F7D80080B3F9 /* DurationFormatter.swift */,
				95EC47A12AA98896009530C5 /* RangeIntegerStrategy.swift */,
				95EC47A52AA988C0009530C5 /* RangeIntegerStyle.swift */,
			);
			path = Formatters;
			sourceTree = "<group>";
		};
		95224A572AA1BADC00C46868 /* Commands */ = {
			isa = PBXGroup;
			children = (
				95C156DE2A8E09DB0025174B /* GrabShotCommands.swift */,
			);
			path = Commands;
			sourceTree = "<group>";
		};
		95224A582AA1C98A00C46868 /* ColorsExtractorService */ = {
			isa = PBXGroup;
			children = (
				95224A592AA1C99C00C46868 /* ColorsExtractorService.swift */,
				95224A5D2AA1FD7200C46868 /* ColorExtractMethod.swift */,
				95224AA92AA607B100C46868 /* ColorMood.swift */,
				95224AA72AA5EE8B00C46868 /* DeltaEFormulaExtension.swift */,
				95224A5B2AA1FC5300C46868 /* Histogram.swift */,
			);
			path = ColorsExtractorService;
			sourceTree = "<group>";
		};
		95224AAF2AA84B6900C46868 /* Onboarding */ = {
			isa = PBXGroup;
			children = (
				95224AB42AA84C9000C46868 /* OnboardingView.swift */,
				95224AD12AA891E800C46868 /* Pages */,
				95224AD22AA891F900C46868 /* Subview */,
			);
			path = Onboarding;
			sourceTree = "<group>";
		};
		95224AB82AA8624200C46868 /* Window */ = {
			isa = PBXGroup;
			children = (
				95224ABB2AA8626C00C46868 /* Window.swift */,
			);
			path = Window;
			sourceTree = "<group>";
		};
		95224AD12AA891E800C46868 /* Pages */ = {
			isa = PBXGroup;
			children = (
				95224AB02AA84B8100C46868 /* OnboardingPage.swift */,
				95224AB62AA8571400C46868 /* WelcomePage.swift */,
				95224AC12AA86B9600C46868 /* InterfacePage.swift */,
				95224AC52AA87D6800C46868 /* ImportVideoPage.swift */,
				95224ACD2AA88DF400C46868 /* GrabOverviewPage.swift */,
				95224ACB2AA883E600C46868 /* ImportImagePage.swift */,
				95224ACF2AA890E400C46868 /* ImageStripOverviewPage.swift */,
			);
			path = Pages;
			sourceTree = "<group>";
		};
		95224AD22AA891F900C46868 /* Subview */ = {
			isa = PBXGroup;
			children = (
				95224AD32AA89ED700C46868 /* ImageGlass.swift */,
				95224AC92AA8826400C46868 /* OverviewTitle.swift */,
				95224AC72AA87FE600C46868 /* OverviewDetail.swift */,
			);
			path = Subview;
			sourceTree = "<group>";
		};
		9538F56F2A8419130080B3F9 /* View */ = {
			isa = PBXGroup;
			children = (
				95FE5FBE2949CBF600171B8D /* GrabView.swift */,
			);
			path = View;
			sourceTree = "<group>";
		};
		9538F5702A8499E50080B3F9 /* SettingsView */ = {
			isa = PBXGroup;
			children = (
				9538F5712A8499FF0080B3F9 /* SettingsView.swift */,
				9538F5732A849A220080B3F9 /* SettingsViewModel.swift */,
			);
			path = SettingsView;
			sourceTree = "<group>";
		};
		9538F5752A84AC090080B3F9 /* Subviews */ = {
			isa = PBXGroup;
			children = (
				959198152A95DDDE00DB209A /* TimecodePicker */,
				9538F5822A8A26F00080B3F9 /* GrabProgressView */,
				9538F5702A8499E50080B3F9 /* SettingsView */,
				950378222A40C63100DDC848 /* VideoTable */,
			);
			path = Subviews;
			sourceTree = "<group>";
		};
		9538F5822A8A26F00080B3F9 /* GrabProgressView */ = {
			isa = PBXGroup;
			children = (
				9538F5832A8A26F50080B3F9 /* GrabProgressView.swift */,
			);
			path = GrabProgressView;
			sourceTree = "<group>";
		};
		9538F58B2A8BA8230080B3F9 /* StripManager */ = {
			isa = PBXGroup;
			children = (
				9538F58C2A8BA8440080B3F9 /* StripManagerVideo.swift */,
				95606ABF2A9E0CB10069F9C5 /* StripManagerImage.swift */,
			);
			path = StripManager;
			sourceTree = "<group>";
		};
		9538F5A42A8BB24F0080B3F9 /* DropView */ = {
			isa = PBXGroup;
			children = (
				950378282A40C77500DDC848 /* View */,
				950378292A40C77C00DDC848 /* ViewModel */,
			);
			path = DropView;
			sourceTree = "<group>";
		};
		9538F5B52A8CAA460080B3F9 /* VideoService */ = {
			isa = PBXGroup;
			children = (
				95FE5FC92949CC0A00171B8D /* VideoService.swift */,
				9538F56B2A8406EC0080B3F9 /* VideoServiceError.swift */,
			);
			path = VideoService;
			sourceTree = "<group>";
		};
		9538F5B62A8CAA500080B3F9 /* FileService */ = {
			isa = PBXGroup;
			children = (
				95FE5FC72949CC0A00171B8D /* FileService.swift */,
			);
			path = FileService;
			sourceTree = "<group>";
		};
		9538F5B72A8CACB40080B3F9 /* Constant */ = {
			isa = PBXGroup;
			children = (
				9538F5B82A8CACBD0080B3F9 /* Grid.swift */,
			);
			path = Constant;
			sourceTree = "<group>";
		};
		95606AA82A9DA78B0069F9C5 /* ImageStrip */ = {
			isa = PBXGroup;
			children = (
				95606ABA2A9DE7E70069F9C5 /* ImageSidebar */,
				95606AAF2A9DC0B10069F9C5 /* ImageStripView */,
			);
			path = ImageStrip;
			sourceTree = "<group>";
		};
		95606AAF2A9DC0B10069F9C5 /* ImageStripView */ = {
			isa = PBXGroup;
			children = (
				95AB01232A9E755000AF5483 /* View */,
				95AB01262A9E75B400AF5483 /* ViewModel */,
			);
			path = ImageStripView;
			sourceTree = "<group>";
		};
		95606ABA2A9DE7E70069F9C5 /* ImageSidebar */ = {
			isa = PBXGroup;
			children = (
				95AB011F2A9E74F500AF5483 /* View */,
				95AB01222A9E754700AF5483 /* ViewModel */,
				95AB01252A9E756A00AF5483 /* Error */,
			);
			path = ImageSidebar;
			sourceTree = "<group>";
		};
		957B9D682A8FADAE00D2DA95 /* SubviewsColumn */ = {
			isa = PBXGroup;
			children = (
				957B9D662A8FABBE00D2DA95 /* VideoTableColumnToggleItemView.swift */,
				957B9D6B2A937AD800D2DA95 /* VideoTableColumnTitleItemView.swift */,
				957B9D642A8FA9E600D2DA95 /* VideoTableColumnOutputItemView.swift */,
				957B9D6D2A937BAC00D2DA95 /* VideoTableColumnDurationItemView.swift */,
				957B9D6F2A937CA600D2DA95 /* VideoTableColumnShotsItemView.swift */,
				957B9D712A937DF300D2DA95 /* VideoTableColumnProgressItemView.swift */,
				9591981C2A9651F900DB209A /* VideoTableColumnIntervalItemView.swift */,
			);
			path = SubviewsColumn;
			sourceTree = "<group>";
		};
		959198152A95DDDE00DB209A /* TimecodePicker */ = {
			isa = PBXGroup;
			children = (
				959198182A962B7800DB209A /* TimecodeRangeView.swift */,
				959198202A96799200DB209A /* TimecodeStepper.swift */,
			);
			path = TimecodePicker;
			sourceTree = "<group>";
		};
		95967ECB2AA101C700ADECAD /* ImageRenderService */ = {
			isa = PBXGroup;
			children = (
				95967EC92AA101C200ADECAD /* ImageRenderService.swift */,
				95967ECE2AA1109400ADECAD /* ImageMergeOperation.swift */,
				95967ECC2AA102DB00ADECAD /* ImageRenderServiceError.swift */,
			);
			path = ImageRenderService;
			sourceTree = "<group>";
		};
		95AB011A2A9E5ABA00AF5483 /* FileDocument */ = {
			isa = PBXGroup;
			children = (
				95AB01162A9E5A8000AF5483 /* ExportDirectory.swift */,
				95AB01272A9E8A8800AF5483 /* ImageDocument.swift */,
			);
			path = FileDocument;
			sourceTree = "<group>";
		};
		95AB011F2A9E74F500AF5483 /* View */ = {
			isa = PBXGroup;
			children = (
				95606AB62A9DE7C40069F9C5 /* ImageSidebar.swift */,
				95AB01202A9E74FE00AF5483 /* Subviews */,
			);
			path = View;
			sourceTree = "<group>";
		};
		95AB01202A9E74FE00AF5483 /* Subviews */ = {
			isa = PBXGroup;
			children = (
				95AB01342A9F790600AF5483 /* DropZoneView.swift */,
				95606ABD2A9E01DC0069F9C5 /* ImageItem.swift */,
				95967ED52AA19F2900ADECAD /* BagelProgressStyle.swift */,
			);
			path = Subviews;
			sourceTree = "<group>";
		};
		95AB01212A9E753500AF5483 /* ImageStore */ = {
			isa = PBXGroup;
			children = (
				95606ABB2A9DE8E60069F9C5 /* ImageStore.swift */,
			);
			path = ImageStore;
			sourceTree = "<group>";
		};
		95AB01222A9E754700AF5483 /* ViewModel */ = {
			isa = PBXGroup;
			children = (
				95606AB82A9DE7D30069F9C5 /* ImageSidebarModel.swift */,
				95EC47A92AA9F0A0009530C5 /* Export.swift */,
			);
			path = ViewModel;
			sourceTree = "<group>";
		};
		95AB01232A9E755000AF5483 /* View */ = {
			isa = PBXGroup;
			children = (
				95606AA92A9DA7F80069F9C5 /* ImageStripView.swift */,
				95AB01242A9E755700AF5483 /* Subviews */,
			);
			path = View;
			sourceTree = "<group>";
		};
		95AB01242A9E755700AF5483 /* Subviews */ = {
			isa = PBXGroup;
			children = (
				95224AAB2AA6280E00C46868 /* ImageStripMethodSettings.swift */,
				95606AB42A9DE3A60069F9C5 /* StripColorPickerView.swift */,
				95AB013A2A9FBC6700AF5483 /* StripRenderView.swift */,
				95AB01382A9FAB9600AF5483 /* ColorPickerItem.swift */,
				95606AB22A9DC35E0069F9C5 /* DropImageIcon.swift */,
			);
			path = Subviews;
			sourceTree = "<group>";
		};
		95AB01252A9E756A00AF5483 /* Error */ = {
			isa = PBXGroup;
			children = (
				95AB011B2A9E5C8500AF5483 /* ImageStripError.swift */,
			);
			path = Error;
			sourceTree = "<group>";
		};
		95AB01262A9E75B400AF5483 /* ViewModel */ = {
			isa = PBXGroup;
			children = (
				95AB01142A9E44D200AF5483 /* ImageStripViewModel.swift */,
			);
			path = ViewModel;
			sourceTree = "<group>";
		};
		95AB01312A9F5A7C00AF5483 /* Subviews */ = {
			isa = PBXGroup;
			children = (
				95AB011D2A9E623B00AF5483 /* ImageStripSettingsView.swift */,
				95224AAD2AA628FE00C46868 /* ImageStripMethodDefaultSettingsView.swift */,
				95AB01322A9F5AA700AF5483 /* VideoStripSettingsView.swift */,
			);
			path = Subviews;
			sourceTree = "<group>";
		};
		95C156DD2A8DEEB50025174B /* GrabCounter */ = {
			isa = PBXGroup;
			children = (
				95C156DB2A8DEEAD0025174B /* GrabCounter.swift */,
			);
			path = GrabCounter;
			sourceTree = "<group>";
		};
		95C156E62A8E337E0025174B /* About */ = {
			isa = PBXGroup;
			children = (
				95C156E42A8E33280025174B /* AboutView.swift */,
			);
			path = About;
			sourceTree = "<group>";
		};
		95FE5F762949CB7100171B8D = {
			isa = PBXGroup;
			children = (
				95FE5F812949CB7100171B8D /* GrabShot */,
				95FE5F932949CB7200171B8D /* GrabShotTests */,
				95FE5F9D2949CB7200171B8D /* GrabShotUITests */,
				95FE5F802949CB7100171B8D /* Products */,
				7D9D6902A8AE2CA619B7E80C /* Pods */,
				99E86327268D2ACD175F42D2 /* Frameworks */,
			);
			sourceTree = "<group>";
		};
		95FE5F802949CB7100171B8D /* Products */ = {
			isa = PBXGroup;
			children = (
				95FE5F7F2949CB7100171B8D /* GrabShot.app */,
				95FE5F902949CB7200171B8D /* GrabShotTests.xctest */,
				95FE5F9A2949CB7200171B8D /* GrabShotUITests.xctest */,
			);
			name = Products;
			sourceTree = "<group>";
		};
		95FE5F812949CB7100171B8D /* GrabShot */ = {
			isa = PBXGroup;
			children = (
				95FE5F822949CB7100171B8D /* GrabShotApp.swift */,
				95C156E22A8E32BE0025174B /* AppDelegate.swift */,
				95224AB82AA8624200C46868 /* Window */,
				95224A572AA1BADC00C46868 /* Commands */,
				9503781E2A40C5E800DDC848 /* Entity */,
				950378172A40C54F00DDC848 /* Flow */,
				9503782C2A40E6D600DDC848 /* Core */,
				95FE5FC62949CBFE00171B8D /* Service */,
				95FE5FE02949CC2200171B8D /* Helper */,
				95FE5F862949CB7100171B8D /* Assets.xcassets */,
				95FE5F8B2949CB7100171B8D /* GrabShot.entitlements */,
				95FE5F882949CB7100171B8D /* Preview Content */,
				956CE41F2987C9F8005ACF42 /* Localizable.strings */,
			);
			path = GrabShot;
			sourceTree = "<group>";
		};
		95FE5F882949CB7100171B8D /* Preview Content */ = {
			isa = PBXGroup;
			children = (
				95FE5F892949CB7100171B8D /* Preview Assets.xcassets */,
			);
			path = "Preview Content";
			sourceTree = "<group>";
		};
		95FE5F932949CB7200171B8D /* GrabShotTests */ = {
			isa = PBXGroup;
			children = (
				95FE5F942949CB7200171B8D /* GrabShotTests.swift */,
			);
			path = GrabShotTests;
			sourceTree = "<group>";
		};
		95FE5F9D2949CB7200171B8D /* GrabShotUITests */ = {
			isa = PBXGroup;
			children = (
				95FE5F9E2949CB7200171B8D /* GrabShotUITests.swift */,
				95FE5FA02949CB7200171B8D /* GrabShotUITestsLaunchTests.swift */,
			);
			path = GrabShotUITests;
			sourceTree = "<group>";
		};
		95FE5FC62949CBFE00171B8D /* Service */ = {
			isa = PBXGroup;
			children = (
				95224A582AA1C98A00C46868 /* ColorsExtractorService */,
				9538F5B62A8CAA500080B3F9 /* FileService */,
				95967ECB2AA101C700ADECAD /* ImageRenderService */,
				9538F5B52A8CAA460080B3F9 /* VideoService */,
			);
			path = Service;
			sourceTree = "<group>";
		};
		95FE5FE02949CC2200171B8D /* Helper */ = {
			isa = PBXGroup;
			children = (
				950378312A40E75A00DDC848 /* Formatters */,
				9503782B2A40E68100DDC848 /* Extensions */,
			);
			path = Helper;
			sourceTree = "<group>";
		};
		99E86327268D2ACD175F42D2 /* Frameworks */ = {
			isa = PBXGroup;
			children = (
				F2830D82949B53846CA8E7B1 /* Pods_GrabShot.framework */,
				80BDCE25DAE9D96A0A9061D6 /* Pods_GrabShot_GrabShotUITests.framework */,
				9188DCC57D69E7561A88CB62 /* Pods_GrabShotTests.framework */,
			);
			name = Frameworks;
			sourceTree = "<group>";
		};
/* End PBXGroup section */

/* Begin PBXNativeTarget section */
		95FE5F7E2949CB7100171B8D /* GrabShot */ = {
			isa = PBXNativeTarget;
			buildConfigurationList = 95FE5FA42949CB7200171B8D /* Build configuration list for PBXNativeTarget "GrabShot" */;
			buildPhases = (
				792A1FD5FF9550396E8FB37D /* [CP] Check Pods Manifest.lock */,
				95FE5F7B2949CB7100171B8D /* Sources */,
				95FE5F7C2949CB7100171B8D /* Frameworks */,
				95FE5F7D2949CB7100171B8D /* Resources */,
				EADD947A6C8F06622437DDBC /* [CP] Embed Pods Frameworks */,
			);
			buildRules = (
			);
			dependencies = (
			);
			name = GrabShot;
			packageProductDependencies = (
				95224AA52AA5CBC400C46868 /* DominantColors */,
			);
			productName = GrabShot;
			productReference = 95FE5F7F2949CB7100171B8D /* GrabShot.app */;
			productType = "com.apple.product-type.application";
		};
		95FE5F8F2949CB7200171B8D /* GrabShotTests */ = {
			isa = PBXNativeTarget;
			buildConfigurationList = 95FE5FA72949CB7200171B8D /* Build configuration list for PBXNativeTarget "GrabShotTests" */;
			buildPhases = (
				03A09B06CE416D748300C76A /* [CP] Check Pods Manifest.lock */,
				95FE5F8C2949CB7200171B8D /* Sources */,
				95FE5F8D2949CB7200171B8D /* Frameworks */,
				95FE5F8E2949CB7200171B8D /* Resources */,
			);
			buildRules = (
			);
			dependencies = (
				95FE5F922949CB7200171B8D /* PBXTargetDependency */,
			);
			name = GrabShotTests;
			productName = GrabShotTests;
			productReference = 95FE5F902949CB7200171B8D /* GrabShotTests.xctest */;
			productType = "com.apple.product-type.bundle.unit-test";
		};
		95FE5F992949CB7200171B8D /* GrabShotUITests */ = {
			isa = PBXNativeTarget;
			buildConfigurationList = 95FE5FAA2949CB7200171B8D /* Build configuration list for PBXNativeTarget "GrabShotUITests" */;
			buildPhases = (
				64126C3B99D4CD46F63C386D /* [CP] Check Pods Manifest.lock */,
				95FE5F962949CB7200171B8D /* Sources */,
				95FE5F972949CB7200171B8D /* Frameworks */,
				95FE5F982949CB7200171B8D /* Resources */,
				456C0A34D8917835CF617054 /* [CP] Embed Pods Frameworks */,
			);
			buildRules = (
			);
			dependencies = (
				95FE5F9C2949CB7200171B8D /* PBXTargetDependency */,
			);
			name = GrabShotUITests;
			productName = GrabShotUITests;
			productReference = 95FE5F9A2949CB7200171B8D /* GrabShotUITests.xctest */;
			productType = "com.apple.product-type.bundle.ui-testing";
		};
/* End PBXNativeTarget section */

/* Begin PBXProject section */
		95FE5F772949CB7100171B8D /* Project object */ = {
			isa = PBXProject;
			attributes = {
				BuildIndependentTargetsInParallel = 1;
				LastSwiftUpdateCheck = 1410;
				LastUpgradeCheck = 1430;
				TargetAttributes = {
					95FE5F7E2949CB7100171B8D = {
						CreatedOnToolsVersion = 14.1;
					};
					95FE5F8F2949CB7200171B8D = {
						CreatedOnToolsVersion = 14.1;
						TestTargetID = 95FE5F7E2949CB7100171B8D;
					};
					95FE5F992949CB7200171B8D = {
						CreatedOnToolsVersion = 14.1;
						TestTargetID = 95FE5F7E2949CB7100171B8D;
					};
				};
			};
			buildConfigurationList = 95FE5F7A2949CB7100171B8D /* Build configuration list for PBXProject "GrabShot" */;
			compatibilityVersion = "Xcode 14.0";
			developmentRegion = en;
			hasScannedForEncodings = 0;
			knownRegions = (
				en,
				Base,
				ru,
			);
			mainGroup = 95FE5F762949CB7100171B8D;
			packageReferences = (
				95224AA42AA5CBC400C46868 /* XCRemoteSwiftPackageReference "DominantColors" */,
			);
			productRefGroup = 95FE5F802949CB7100171B8D /* Products */;
			projectDirPath = "";
			projectRoot = "";
			targets = (
				95FE5F7E2949CB7100171B8D /* GrabShot */,
				95FE5F8F2949CB7200171B8D /* GrabShotTests */,
				95FE5F992949CB7200171B8D /* GrabShotUITests */,
			);
		};
/* End PBXProject section */

/* Begin PBXResourcesBuildPhase section */
		95FE5F7D2949CB7100171B8D /* Resources */ = {
			isa = PBXResourcesBuildPhase;
			buildActionMask = 2147483647;
			files = (
				956CE41D2987C9F8005ACF42 /* Localizable.strings in Resources */,
				95FE5F8A2949CB7100171B8D /* Preview Assets.xcassets in Resources */,
				95FE5F872949CB7100171B8D /* Assets.xcassets in Resources */,
			);
			runOnlyForDeploymentPostprocessing = 0;
		};
		95FE5F8E2949CB7200171B8D /* Resources */ = {
			isa = PBXResourcesBuildPhase;
			buildActionMask = 2147483647;
			files = (
			);
			runOnlyForDeploymentPostprocessing = 0;
		};
		95FE5F982949CB7200171B8D /* Resources */ = {
			isa = PBXResourcesBuildPhase;
			buildActionMask = 2147483647;
			files = (
			);
			runOnlyForDeploymentPostprocessing = 0;
		};
/* End PBXResourcesBuildPhase section */

/* Begin PBXShellScriptBuildPhase section */
		03A09B06CE416D748300C76A /* [CP] Check Pods Manifest.lock */ = {
			isa = PBXShellScriptBuildPhase;
			buildActionMask = 2147483647;
			files = (
			);
			inputFileListPaths = (
			);
			inputPaths = (
				"${PODS_PODFILE_DIR_PATH}/Podfile.lock",
				"${PODS_ROOT}/Manifest.lock",
			);
			name = "[CP] Check Pods Manifest.lock";
			outputFileListPaths = (
			);
			outputPaths = (
				"$(DERIVED_FILE_DIR)/Pods-GrabShotTests-checkManifestLockResult.txt",
			);
			runOnlyForDeploymentPostprocessing = 0;
			shellPath = /bin/sh;
			shellScript = "diff \"${PODS_PODFILE_DIR_PATH}/Podfile.lock\" \"${PODS_ROOT}/Manifest.lock\" > /dev/null\nif [ $? != 0 ] ; then\n    # print error to STDERR\n    echo \"error: The sandbox is not in sync with the Podfile.lock. Run 'pod install' or update your CocoaPods installation.\" >&2\n    exit 1\nfi\n# This output is used by Xcode 'outputs' to avoid re-running this script phase.\necho \"SUCCESS\" > \"${SCRIPT_OUTPUT_FILE_0}\"\n";
			showEnvVarsInLog = 0;
		};
		456C0A34D8917835CF617054 /* [CP] Embed Pods Frameworks */ = {
			isa = PBXShellScriptBuildPhase;
			buildActionMask = 2147483647;
			files = (
			);
			inputFileListPaths = (
				"${PODS_ROOT}/Target Support Files/Pods-GrabShot-GrabShotUITests/Pods-GrabShot-GrabShotUITests-frameworks-${CONFIGURATION}-input-files.xcfilelist",
			);
			name = "[CP] Embed Pods Frameworks";
			outputFileListPaths = (
				"${PODS_ROOT}/Target Support Files/Pods-GrabShot-GrabShotUITests/Pods-GrabShot-GrabShotUITests-frameworks-${CONFIGURATION}-output-files.xcfilelist",
			);
			runOnlyForDeploymentPostprocessing = 0;
			shellPath = /bin/sh;
			shellScript = "\"${PODS_ROOT}/Target Support Files/Pods-GrabShot-GrabShotUITests/Pods-GrabShot-GrabShotUITests-frameworks.sh\"\n";
			showEnvVarsInLog = 0;
		};
		64126C3B99D4CD46F63C386D /* [CP] Check Pods Manifest.lock */ = {
			isa = PBXShellScriptBuildPhase;
			buildActionMask = 2147483647;
			files = (
			);
			inputFileListPaths = (
			);
			inputPaths = (
				"${PODS_PODFILE_DIR_PATH}/Podfile.lock",
				"${PODS_ROOT}/Manifest.lock",
			);
			name = "[CP] Check Pods Manifest.lock";
			outputFileListPaths = (
			);
			outputPaths = (
				"$(DERIVED_FILE_DIR)/Pods-GrabShot-GrabShotUITests-checkManifestLockResult.txt",
			);
			runOnlyForDeploymentPostprocessing = 0;
			shellPath = /bin/sh;
			shellScript = "diff \"${PODS_PODFILE_DIR_PATH}/Podfile.lock\" \"${PODS_ROOT}/Manifest.lock\" > /dev/null\nif [ $? != 0 ] ; then\n    # print error to STDERR\n    echo \"error: The sandbox is not in sync with the Podfile.lock. Run 'pod install' or update your CocoaPods installation.\" >&2\n    exit 1\nfi\n# This output is used by Xcode 'outputs' to avoid re-running this script phase.\necho \"SUCCESS\" > \"${SCRIPT_OUTPUT_FILE_0}\"\n";
			showEnvVarsInLog = 0;
		};
		792A1FD5FF9550396E8FB37D /* [CP] Check Pods Manifest.lock */ = {
			isa = PBXShellScriptBuildPhase;
			buildActionMask = 2147483647;
			files = (
			);
			inputFileListPaths = (
			);
			inputPaths = (
				"${PODS_PODFILE_DIR_PATH}/Podfile.lock",
				"${PODS_ROOT}/Manifest.lock",
			);
			name = "[CP] Check Pods Manifest.lock";
			outputFileListPaths = (
			);
			outputPaths = (
				"$(DERIVED_FILE_DIR)/Pods-GrabShot-checkManifestLockResult.txt",
			);
			runOnlyForDeploymentPostprocessing = 0;
			shellPath = /bin/sh;
			shellScript = "diff \"${PODS_PODFILE_DIR_PATH}/Podfile.lock\" \"${PODS_ROOT}/Manifest.lock\" > /dev/null\nif [ $? != 0 ] ; then\n    # print error to STDERR\n    echo \"error: The sandbox is not in sync with the Podfile.lock. Run 'pod install' or update your CocoaPods installation.\" >&2\n    exit 1\nfi\n# This output is used by Xcode 'outputs' to avoid re-running this script phase.\necho \"SUCCESS\" > \"${SCRIPT_OUTPUT_FILE_0}\"\n";
			showEnvVarsInLog = 0;
		};
		EADD947A6C8F06622437DDBC /* [CP] Embed Pods Frameworks */ = {
			isa = PBXShellScriptBuildPhase;
			buildActionMask = 2147483647;
			files = (
			);
			inputFileListPaths = (
				"${PODS_ROOT}/Target Support Files/Pods-GrabShot/Pods-GrabShot-frameworks-${CONFIGURATION}-input-files.xcfilelist",
			);
			name = "[CP] Embed Pods Frameworks";
			outputFileListPaths = (
				"${PODS_ROOT}/Target Support Files/Pods-GrabShot/Pods-GrabShot-frameworks-${CONFIGURATION}-output-files.xcfilelist",
			);
			runOnlyForDeploymentPostprocessing = 0;
			shellPath = /bin/sh;
			shellScript = "\"${PODS_ROOT}/Target Support Files/Pods-GrabShot/Pods-GrabShot-frameworks.sh\"\n";
			showEnvVarsInLog = 0;
		};
/* End PBXShellScriptBuildPhase section */

/* Begin PBXSourcesBuildPhase section */
		95FE5F7B2949CB7100171B8D /* Sources */ = {
			isa = PBXSourcesBuildPhase;
			buildActionMask = 2147483647;
			files = (
				95EC47A42AA988AE009530C5 /* FormatStyleExtension.swift in Sources */,
				95606AB92A9DE7D30069F9C5 /* ImageSidebarModel.swift in Sources */,
				95AB011C2A9E5C8500AF5483 /* ImageStripError.swift in Sources */,
				95EC47A62AA988C0009530C5 /* RangeIntegerStyle.swift in Sources */,
				95224A5A2AA1C99C00C46868 /* ColorsExtractorService.swift in Sources */,
				9538F56E2A8415DC0080B3F9 /* VideoTableModel.swift in Sources */,
				9591981D2A9651F900DB209A /* VideoTableColumnIntervalItemView.swift in Sources */,
				9537881F294A20C600415ECD /* SettingsModel.swift in Sources */,
				95FE5FC42949CBF600171B8D /* GrabView.swift in Sources */,
				95FE5FE62949CC3000171B8D /* CGImageExtension.swift in Sources */,
				959198252A967DD000DB209A /* MinuteNumberFormatter.swift in Sources */,
				95C156E12A8E121C0025174B /* DropAnimator.swift in Sources */,
				95224AB52AA84C9000C46868 /* OnboardingView.swift in Sources */,
				95224A5C2AA1FC5300C46868 /* Histogram.swift in Sources */,
				957B9D722A937DF300D2DA95 /* VideoTableColumnProgressItemView.swift in Sources */,
				9538F56C2A8406EC0080B3F9 /* VideoServiceError.swift in Sources */,
				95FE5FC32949CBF600171B8D /* StripCountView.swift in Sources */,
				95AB01152A9E44D200AF5483 /* ImageStripViewModel.swift in Sources */,
				95FA31F529536EE900F68B67 /* LoaderView.swift in Sources */,
				95224A5E2AA1FD7200C46868 /* ColorExtractMethod.swift in Sources */,
				95224AD42AA89ED700C46868 /* ImageGlass.swift in Sources */,
				95606AB32A9DC35E0069F9C5 /* DropImageIcon.swift in Sources */,
				95967ECD2AA102DB00ADECAD /* ImageRenderServiceError.swift in Sources */,
				9538F5A82A8BC3690080B3F9 /* CoordinatorTab.swift in Sources */,
				95FE5FC02949CBF600171B8D /* ContentView.swift in Sources */,
				959198232A967D7600DB209A /* HourNumberFormatter.swift in Sources */,
				95606AAE2A9DA90B0069F9C5 /* ImageDropDelegate.swift in Sources */,
				95FE5FD82949CC1D00171B8D /* GrabState.swift in Sources */,
				95606AB72A9DE7C40069F9C5 /* ImageSidebar.swift in Sources */,
				95C156E32A8E32BE0025174B /* AppDelegate.swift in Sources */,
				95AB01372A9F7A6100AF5483 /* DropVideoIcon.swift in Sources */,
				95967ECF2AA1109400ADECAD /* ImageMergeOperation.swift in Sources */,
				95FE5FC52949CBF600171B8D /* DropView.swift in Sources */,
				95224AAA2AA607B100C46868 /* ColorMood.swift in Sources */,
				95967ED62AA19F2900ADECAD /* BagelProgressStyle.swift in Sources */,
				95C156DF2A8E09DB0025174B /* GrabShotCommands.swift in Sources */,
				957B9D652A8FA9E600D2DA95 /* VideoTableColumnOutputItemView.swift in Sources */,
				95FA31EE2952E5E100F68B67 /* SettingsGrabView.swift in Sources */,
				95378823294A2F6500415ECD /* ResolutionNumberFormatter.swift in Sources */,
				957B9D6C2A937AD800D2DA95 /* VideoTableColumnTitleItemView.swift in Sources */,
				9538F5B92A8CACBD0080B3F9 /* Grid.swift in Sources */,
				95FE5FDF2949CC1D00171B8D /* StripModel.swift in Sources */,
				95FE5FDB2949CC1D00171B8D /* VideoStore.swift in Sources */,
				95AB013B2A9FBC6700AF5483 /* StripRenderView.swift in Sources */,
				959198212A96799200DB209A /* TimecodeStepper.swift in Sources */,
				95FA31F7295378C500F68B67 /* VideoTable.swift in Sources */,
				95224AA82AA5EE8B00C46868 /* DeltaEFormulaExtension.swift in Sources */,
				95606ABC2A9DE8E60069F9C5 /* ImageStore.swift in Sources */,
				95EC47A82AA98F1A009530C5 /* PublishingAppStorage.swift in Sources */,
				9538F5AE2A8BFCAF0080B3F9 /* GrabError.swift in Sources */,
				957B9D672A8FABBE00D2DA95 /* VideoTableColumnToggleItemView.swift in Sources */,
				95224AB12AA84B8100C46868 /* OnboardingPage.swift in Sources */,
				95FE5F832949CB7100171B8D /* GrabShotApp.swift in Sources */,
				95FA31EC2952E56300F68B67 /* SettingsList.swift in Sources */,
				95224ABC2AA8626C00C46868 /* Window.swift in Sources */,
				95606ABE2A9E01DC0069F9C5 /* ImageItem.swift in Sources */,
				9538F5B02A8C91000080B3F9 /* GrabShotError.swift in Sources */,
				95224ACE2AA88DF400C46868 /* GrabOverviewPage.swift in Sources */,
				95224AC82AA87FE600C46868 /* OverviewDetail.swift in Sources */,
				95AB01112A9E260100AF5483 /* ImageStrip.swift in Sources */,
				957B9D702A937CA600D2DA95 /* VideoTableColumnShotsItemView.swift in Sources */,
				95606AC02A9E0CB10069F9C5 /* StripManagerImage.swift in Sources */,
				95C156DC2A8DEEAD0025174B /* GrabCounter.swift in Sources */,
				95FE5FCB2949CC0A00171B8D /* FileService.swift in Sources */,
				9538F5B22A8C96AE0080B3F9 /* DropViewModel.swift in Sources */,
				95FE5FCC2949CC0A00171B8D /* UserDefaultsService.swift in Sources */,
				95EC47A22AA98896009530C5 /* RangeIntegerStrategy.swift in Sources */,
				95AB01332A9F5AA700AF5483 /* VideoStripSettingsView.swift in Sources */,
				9538F5722A8499FF0080B3F9 /* SettingsView.swift in Sources */,
				9538F57B2A89F7D80080B3F9 /* DurationFormatter.swift in Sources */,
				9538F58D2A8BA8440080B3F9 /* StripManagerVideo.swift in Sources */,
				95AB01282A9E8A8800AF5483 /* ImageDocument.swift in Sources */,
				95FA31F02952EA9500F68B67 /* SettingsStripView.swift in Sources */,
				9538F5AA2A8BC3AE0080B3F9 /* Tab.swift in Sources */,
				95FE5FDA2949CC1D00171B8D /* GrabModel.swift in Sources */,
				95AB011E2A9E623B00AF5483 /* ImageStripSettingsView.swift in Sources */,
				95AB01352A9F790600AF5483 /* DropZoneView.swift in Sources */,
				9538F5742A849A220080B3F9 /* SettingsViewModel.swift in Sources */,
				95224AD02AA890E400C46868 /* ImageStripOverviewPage.swift in Sources */,
				95FE5FD92949CC1D00171B8D /* Video.swift in Sources */,
				95AB01172A9E5A8000AF5483 /* ExportDirectory.swift in Sources */,
				9591981F2A9656FC00DB209A /* RangeType.swift in Sources */,
				95606AB52A9DE3A60069F9C5 /* StripColorPickerView.swift in Sources */,
				95AB01392A9FAB9600AF5483 /* ColorPickerItem.swift in Sources */,
				95224AAE2AA628FE00C46868 /* ImageStripMethodDefaultSettingsView.swift in Sources */,
				95FE5FCE2949CC0A00171B8D /* VideoDropDelegate.swift in Sources */,
				959198272A967DDB00DB209A /* SecondNumberFormatter.swift in Sources */,
				957B9D6E2A937BAC00D2DA95 /* VideoTableColumnDurationItemView.swift in Sources */,
				9538F5B42A8CA6250080B3F9 /* DropErrorHandler.swift in Sources */,
				95224ACA2AA8826400C46868 /* OverviewTitle.swift in Sources */,
				95224AB72AA8571400C46868 /* WelcomePage.swift in Sources */,
				9538F57F2A8A15FB0080B3F9 /* GrabOperation.swift in Sources */,
				9538F59D2A8BAE8A0080B3F9 /* DropError.swift in Sources */,
				95967ECA2AA101C200ADECAD /* ImageRenderService.swift in Sources */,
				95FE5FC12949CBF600171B8D /* StripView.swift in Sources */,
				95224AC22AA86B9600C46868 /* InterfacePage.swift in Sources */,
				95FE5FE82949CC4400171B8D /* GrabOperationManager.swift in Sources */,
				95606AB12A9DC27A0069F9C5 /* ImageHandler.swift in Sources */,
				95C156E52A8E33280025174B /* AboutView.swift in Sources */,
				959198192A962B7800DB209A /* TimecodeRangeView.swift in Sources */,
				95FE5FDC2949CC1D00171B8D /* Progress.swift in Sources */,
				9591981B2A963C0600DB209A /* Timecode.swift in Sources */,
				95224AAC2AA6280E00C46868 /* ImageStripMethodSettings.swift in Sources */,
				95FE5FE42949CC3000171B8D /* CIImageExtension.swift in Sources */,
				95606AAA2A9DA7F80069F9C5 /* ImageStripView.swift in Sources */,
				95224AC62AA87D6800C46868 /* ImportVideoPage.swift in Sources */,
				95224ACC2AA883E600C46868 /* ImportImagePage.swift in Sources */,
				95EC47AA2AA9F0A0009530C5 /* Export.swift in Sources */,
				9538F57D2A8A13650080B3F9 /* AsyncOperation.swift in Sources */,
				95FE5FCD2949CC0A00171B8D /* VideoService.swift in Sources */,
				9538F5842A8A26F50080B3F9 /* GrabProgressView.swift in Sources */,
			);
			runOnlyForDeploymentPostprocessing = 0;
		};
		95FE5F8C2949CB7200171B8D /* Sources */ = {
			isa = PBXSourcesBuildPhase;
			buildActionMask = 2147483647;
			files = (
				95FE5F952949CB7200171B8D /* GrabShotTests.swift in Sources */,
			);
			runOnlyForDeploymentPostprocessing = 0;
		};
		95FE5F962949CB7200171B8D /* Sources */ = {
			isa = PBXSourcesBuildPhase;
			buildActionMask = 2147483647;
			files = (
				95FE5FA12949CB7200171B8D /* GrabShotUITestsLaunchTests.swift in Sources */,
				95FE5F9F2949CB7200171B8D /* GrabShotUITests.swift in Sources */,
			);
			runOnlyForDeploymentPostprocessing = 0;
		};
/* End PBXSourcesBuildPhase section */

/* Begin PBXTargetDependency section */
		95FE5F922949CB7200171B8D /* PBXTargetDependency */ = {
			isa = PBXTargetDependency;
			target = 95FE5F7E2949CB7100171B8D /* GrabShot */;
			targetProxy = 95FE5F912949CB7200171B8D /* PBXContainerItemProxy */;
		};
		95FE5F9C2949CB7200171B8D /* PBXTargetDependency */ = {
			isa = PBXTargetDependency;
			target = 95FE5F7E2949CB7100171B8D /* GrabShot */;
			targetProxy = 95FE5F9B2949CB7200171B8D /* PBXContainerItemProxy */;
		};
/* End PBXTargetDependency section */

/* Begin PBXVariantGroup section */
		956CE41F2987C9F8005ACF42 /* Localizable.strings */ = {
			isa = PBXVariantGroup;
			children = (
				956CE41E2987C9F8005ACF42 /* en */,
				956CE421298800E4005ACF42 /* ru */,
			);
			name = Localizable.strings;
			sourceTree = "<group>";
		};
/* End PBXVariantGroup section */

/* Begin XCBuildConfiguration section */
		95FE5FA22949CB7200171B8D /* Debug */ = {
			isa = XCBuildConfiguration;
			buildSettings = {
				ALWAYS_SEARCH_USER_PATHS = NO;
				CLANG_ANALYZER_LOCALIZABILITY_NONLOCALIZED = YES;
				CLANG_ANALYZER_NONNULL = YES;
				CLANG_ANALYZER_NUMBER_OBJECT_CONVERSION = YES_AGGRESSIVE;
				CLANG_CXX_LANGUAGE_STANDARD = "gnu++20";
				CLANG_ENABLE_MODULES = YES;
				CLANG_ENABLE_OBJC_ARC = YES;
				CLANG_ENABLE_OBJC_WEAK = YES;
				CLANG_WARN_BLOCK_CAPTURE_AUTORELEASING = YES;
				CLANG_WARN_BOOL_CONVERSION = YES;
				CLANG_WARN_COMMA = YES;
				CLANG_WARN_CONSTANT_CONVERSION = YES;
				CLANG_WARN_DEPRECATED_OBJC_IMPLEMENTATIONS = YES;
				CLANG_WARN_DIRECT_OBJC_ISA_USAGE = YES_ERROR;
				CLANG_WARN_DOCUMENTATION_COMMENTS = YES;
				CLANG_WARN_EMPTY_BODY = YES;
				CLANG_WARN_ENUM_CONVERSION = YES;
				CLANG_WARN_INFINITE_RECURSION = YES;
				CLANG_WARN_INT_CONVERSION = YES;
				CLANG_WARN_NON_LITERAL_NULL_CONVERSION = YES;
				CLANG_WARN_OBJC_IMPLICIT_RETAIN_SELF = YES;
				CLANG_WARN_OBJC_LITERAL_CONVERSION = YES;
				CLANG_WARN_OBJC_ROOT_CLASS = YES_ERROR;
				CLANG_WARN_QUOTED_INCLUDE_IN_FRAMEWORK_HEADER = YES;
				CLANG_WARN_RANGE_LOOP_ANALYSIS = YES;
				CLANG_WARN_STRICT_PROTOTYPES = YES;
				CLANG_WARN_SUSPICIOUS_MOVE = YES;
				CLANG_WARN_UNGUARDED_AVAILABILITY = YES_AGGRESSIVE;
				CLANG_WARN_UNREACHABLE_CODE = YES;
				CLANG_WARN__DUPLICATE_METHOD_MATCH = YES;
				COPY_PHASE_STRIP = NO;
				DEAD_CODE_STRIPPING = YES;
				DEBUG_INFORMATION_FORMAT = dwarf;
				ENABLE_STRICT_OBJC_MSGSEND = YES;
				ENABLE_TESTABILITY = YES;
				GCC_C_LANGUAGE_STANDARD = gnu11;
				GCC_DYNAMIC_NO_PIC = NO;
				GCC_NO_COMMON_BLOCKS = YES;
				GCC_OPTIMIZATION_LEVEL = 0;
				GCC_PREPROCESSOR_DEFINITIONS = (
					"DEBUG=1",
					"$(inherited)",
				);
				GCC_WARN_64_TO_32_BIT_CONVERSION = YES;
				GCC_WARN_ABOUT_RETURN_TYPE = YES_ERROR;
				GCC_WARN_UNDECLARED_SELECTOR = YES;
				GCC_WARN_UNINITIALIZED_AUTOS = YES_AGGRESSIVE;
				GCC_WARN_UNUSED_FUNCTION = YES;
				GCC_WARN_UNUSED_VARIABLE = YES;
				MACOSX_DEPLOYMENT_TARGET = 13.0;
				MTL_ENABLE_DEBUG_INFO = INCLUDE_SOURCE;
				MTL_FAST_MATH = YES;
				ONLY_ACTIVE_ARCH = YES;
				SDKROOT = macosx;
				SWIFT_ACTIVE_COMPILATION_CONDITIONS = DEBUG;
				SWIFT_OPTIMIZATION_LEVEL = "-Onone";
			};
			name = Debug;
		};
		95FE5FA32949CB7200171B8D /* Release */ = {
			isa = XCBuildConfiguration;
			buildSettings = {
				ALWAYS_SEARCH_USER_PATHS = NO;
				CLANG_ANALYZER_LOCALIZABILITY_NONLOCALIZED = YES;
				CLANG_ANALYZER_NONNULL = YES;
				CLANG_ANALYZER_NUMBER_OBJECT_CONVERSION = YES_AGGRESSIVE;
				CLANG_CXX_LANGUAGE_STANDARD = "gnu++20";
				CLANG_ENABLE_MODULES = YES;
				CLANG_ENABLE_OBJC_ARC = YES;
				CLANG_ENABLE_OBJC_WEAK = YES;
				CLANG_WARN_BLOCK_CAPTURE_AUTORELEASING = YES;
				CLANG_WARN_BOOL_CONVERSION = YES;
				CLANG_WARN_COMMA = YES;
				CLANG_WARN_CONSTANT_CONVERSION = YES;
				CLANG_WARN_DEPRECATED_OBJC_IMPLEMENTATIONS = YES;
				CLANG_WARN_DIRECT_OBJC_ISA_USAGE = YES_ERROR;
				CLANG_WARN_DOCUMENTATION_COMMENTS = YES;
				CLANG_WARN_EMPTY_BODY = YES;
				CLANG_WARN_ENUM_CONVERSION = YES;
				CLANG_WARN_INFINITE_RECURSION = YES;
				CLANG_WARN_INT_CONVERSION = YES;
				CLANG_WARN_NON_LITERAL_NULL_CONVERSION = YES;
				CLANG_WARN_OBJC_IMPLICIT_RETAIN_SELF = YES;
				CLANG_WARN_OBJC_LITERAL_CONVERSION = YES;
				CLANG_WARN_OBJC_ROOT_CLASS = YES_ERROR;
				CLANG_WARN_QUOTED_INCLUDE_IN_FRAMEWORK_HEADER = YES;
				CLANG_WARN_RANGE_LOOP_ANALYSIS = YES;
				CLANG_WARN_STRICT_PROTOTYPES = YES;
				CLANG_WARN_SUSPICIOUS_MOVE = YES;
				CLANG_WARN_UNGUARDED_AVAILABILITY = YES_AGGRESSIVE;
				CLANG_WARN_UNREACHABLE_CODE = YES;
				CLANG_WARN__DUPLICATE_METHOD_MATCH = YES;
				COPY_PHASE_STRIP = NO;
				DEAD_CODE_STRIPPING = YES;
				DEBUG_INFORMATION_FORMAT = "dwarf-with-dsym";
				ENABLE_NS_ASSERTIONS = NO;
				ENABLE_STRICT_OBJC_MSGSEND = YES;
				GCC_C_LANGUAGE_STANDARD = gnu11;
				GCC_NO_COMMON_BLOCKS = YES;
				GCC_WARN_64_TO_32_BIT_CONVERSION = YES;
				GCC_WARN_ABOUT_RETURN_TYPE = YES_ERROR;
				GCC_WARN_UNDECLARED_SELECTOR = YES;
				GCC_WARN_UNINITIALIZED_AUTOS = YES_AGGRESSIVE;
				GCC_WARN_UNUSED_FUNCTION = YES;
				GCC_WARN_UNUSED_VARIABLE = YES;
				MACOSX_DEPLOYMENT_TARGET = 13.0;
				MTL_ENABLE_DEBUG_INFO = NO;
				MTL_FAST_MATH = YES;
				SDKROOT = macosx;
				SWIFT_COMPILATION_MODE = wholemodule;
				SWIFT_OPTIMIZATION_LEVEL = "-O";
			};
			name = Release;
		};
		95FE5FA52949CB7200171B8D /* Debug */ = {
			isa = XCBuildConfiguration;
			baseConfigurationReference = A9E6E9681C5EAFFB98B6341C /* Pods-GrabShot.debug.xcconfig */;
			buildSettings = {
				ASSETCATALOG_COMPILER_APPICON_NAME = AppIcon;
				ASSETCATALOG_COMPILER_GLOBAL_ACCENT_COLOR_NAME = AccentColor;
				ASSETCATALOG_COMPILER_INCLUDE_ALL_APPICON_ASSETS = YES;
				CODE_SIGN_ENTITLEMENTS = GrabShot/GrabShot.entitlements;
				CODE_SIGN_IDENTITY = "Apple Development";
				"CODE_SIGN_IDENTITY[sdk=macosx*]" = "Apple Development";
				CODE_SIGN_STYLE = Automatic;
				COMBINE_HIDPI_IMAGES = YES;
				CURRENT_PROJECT_VERSION = 32;
				DEAD_CODE_STRIPPING = YES;
				DEVELOPMENT_ASSET_PATHS = "GrabShot/Preview\\ Content";
				DEVELOPMENT_TEAM = TNTX3799P3;
				ENABLE_HARDENED_RUNTIME = YES;
				ENABLE_PREVIEWS = YES;
				FRAMEWORK_SEARCH_PATHS = (
					"$(inherited)",
					"$(PROJECT_DIR)/GrabShot",
				);
				GENERATE_INFOPLIST_FILE = YES;
				HEADER_SEARCH_PATHS = "";
				INFOPLIST_FILE = GrabShot/Info.plist;
				INFOPLIST_KEY_CFBundleDisplayName = GrabShot;
				INFOPLIST_KEY_LSApplicationCategoryType = "public.app-category.utilities";
				INFOPLIST_KEY_NSHumanReadableCopyright = "Copyright © 2023 Denis Dmitriev.\nExclude rights to FFmpeg.\nThis software uses libraries from the FFmpeg project under the LGPLv2.1, compiled with FFmpegKit wrapper.";
				LD_RUNPATH_SEARCH_PATHS = (
					"$(inherited)",
					"@executable_path/../Frameworks",
				);
				MACOSX_DEPLOYMENT_TARGET = 13.0;
				MARKETING_VERSION = 1.2;
				PRODUCT_BUNDLE_IDENTIFIER = DenisDmitriev.GrabShot;
				PRODUCT_NAME = "$(TARGET_NAME)";
				PROVISIONING_PROFILE_SPECIFIER = "";
				SWIFT_EMIT_LOC_STRINGS = YES;
				SWIFT_VERSION = 5.0;
			};
			name = Debug;
		};
		95FE5FA62949CB7200171B8D /* Release */ = {
			isa = XCBuildConfiguration;
			baseConfigurationReference = 4D974D7DDE36853434D9C5E0 /* Pods-GrabShot.release.xcconfig */;
			buildSettings = {
				ASSETCATALOG_COMPILER_APPICON_NAME = AppIcon;
				ASSETCATALOG_COMPILER_GLOBAL_ACCENT_COLOR_NAME = AccentColor;
				ASSETCATALOG_COMPILER_INCLUDE_ALL_APPICON_ASSETS = YES;
				CODE_SIGN_ENTITLEMENTS = GrabShot/GrabShot.entitlements;
				CODE_SIGN_IDENTITY = "Apple Development";
				"CODE_SIGN_IDENTITY[sdk=macosx*]" = "Apple Development";
				CODE_SIGN_STYLE = Automatic;
				COMBINE_HIDPI_IMAGES = YES;
				CURRENT_PROJECT_VERSION = 32;
				DEAD_CODE_STRIPPING = YES;
				DEVELOPMENT_ASSET_PATHS = "GrabShot/Preview\\ Content";
				DEVELOPMENT_TEAM = TNTX3799P3;
				ENABLE_HARDENED_RUNTIME = YES;
				ENABLE_PREVIEWS = YES;
				FRAMEWORK_SEARCH_PATHS = (
					"$(inherited)",
					"$(PROJECT_DIR)/GrabShot",
				);
				GENERATE_INFOPLIST_FILE = YES;
				HEADER_SEARCH_PATHS = "";
				INFOPLIST_FILE = GrabShot/Info.plist;
				INFOPLIST_KEY_CFBundleDisplayName = GrabShot;
				INFOPLIST_KEY_LSApplicationCategoryType = "public.app-category.utilities";
				INFOPLIST_KEY_NSHumanReadableCopyright = "Copyright © 2023 Denis Dmitriev.\nExclude rights to FFmpeg.\nThis software uses libraries from the FFmpeg project under the LGPLv2.1, compiled with FFmpegKit wrapper.";
				LD_RUNPATH_SEARCH_PATHS = (
					"$(inherited)",
					"@executable_path/../Frameworks",
				);
				MACOSX_DEPLOYMENT_TARGET = 13.0;
				MARKETING_VERSION = 1.2;
				PRODUCT_BUNDLE_IDENTIFIER = DenisDmitriev.GrabShot;
				PRODUCT_NAME = "$(TARGET_NAME)";
				PROVISIONING_PROFILE_SPECIFIER = "";
				SWIFT_EMIT_LOC_STRINGS = YES;
				SWIFT_VERSION = 5.0;
			};
			name = Release;
		};
		95FE5FA82949CB7200171B8D /* Debug */ = {
			isa = XCBuildConfiguration;
			baseConfigurationReference = 2BFDCEF353EB146B6781FD53 /* Pods-GrabShotTests.debug.xcconfig */;
			buildSettings = {
				ALWAYS_EMBED_SWIFT_STANDARD_LIBRARIES = YES;
				BUNDLE_LOADER = "$(TEST_HOST)";
				CODE_SIGN_STYLE = Automatic;
				CURRENT_PROJECT_VERSION = 1;
				DEAD_CODE_STRIPPING = YES;
				DEVELOPMENT_TEAM = TNTX3799P3;
				GENERATE_INFOPLIST_FILE = YES;
				MACOSX_DEPLOYMENT_TARGET = 13.0;
				MARKETING_VERSION = 1.0;
				PRODUCT_BUNDLE_IDENTIFIER = DenisDmitriev.GrabShotTests;
				PRODUCT_NAME = "$(TARGET_NAME)";
				SWIFT_EMIT_LOC_STRINGS = NO;
				SWIFT_VERSION = 5.0;
				TEST_HOST = "$(BUILT_PRODUCTS_DIR)/GrabShot.app/$(BUNDLE_EXECUTABLE_FOLDER_PATH)/GrabShot";
			};
			name = Debug;
		};
		95FE5FA92949CB7200171B8D /* Release */ = {
			isa = XCBuildConfiguration;
			baseConfigurationReference = 5E4B027D5F0C36BC4B89EBEE /* Pods-GrabShotTests.release.xcconfig */;
			buildSettings = {
				ALWAYS_EMBED_SWIFT_STANDARD_LIBRARIES = YES;
				BUNDLE_LOADER = "$(TEST_HOST)";
				CODE_SIGN_STYLE = Automatic;
				CURRENT_PROJECT_VERSION = 1;
				DEAD_CODE_STRIPPING = YES;
				DEVELOPMENT_TEAM = TNTX3799P3;
				GENERATE_INFOPLIST_FILE = YES;
				MACOSX_DEPLOYMENT_TARGET = 13.0;
				MARKETING_VERSION = 1.0;
				PRODUCT_BUNDLE_IDENTIFIER = DenisDmitriev.GrabShotTests;
				PRODUCT_NAME = "$(TARGET_NAME)";
				SWIFT_EMIT_LOC_STRINGS = NO;
				SWIFT_VERSION = 5.0;
				TEST_HOST = "$(BUILT_PRODUCTS_DIR)/GrabShot.app/$(BUNDLE_EXECUTABLE_FOLDER_PATH)/GrabShot";
			};
			name = Release;
		};
		95FE5FAB2949CB7200171B8D /* Debug */ = {
			isa = XCBuildConfiguration;
			baseConfigurationReference = 74F619E8B32520CC6BABBE1F /* Pods-GrabShot-GrabShotUITests.debug.xcconfig */;
			buildSettings = {
				ALWAYS_EMBED_SWIFT_STANDARD_LIBRARIES = YES;
				CODE_SIGN_STYLE = Automatic;
				CURRENT_PROJECT_VERSION = 1;
				DEAD_CODE_STRIPPING = YES;
				DEVELOPMENT_TEAM = TNTX3799P3;
				GENERATE_INFOPLIST_FILE = YES;
				MARKETING_VERSION = 1.0;
				PRODUCT_BUNDLE_IDENTIFIER = DenisDmitriev.GrabShotUITests;
				PRODUCT_NAME = "$(TARGET_NAME)";
				SWIFT_EMIT_LOC_STRINGS = NO;
				SWIFT_VERSION = 5.0;
				TEST_TARGET_NAME = GrabShot;
			};
			name = Debug;
		};
		95FE5FAC2949CB7200171B8D /* Release */ = {
			isa = XCBuildConfiguration;
			baseConfigurationReference = 65F67C5B0BF5D6D17B09CA87 /* Pods-GrabShot-GrabShotUITests.release.xcconfig */;
			buildSettings = {
				ALWAYS_EMBED_SWIFT_STANDARD_LIBRARIES = YES;
				CODE_SIGN_STYLE = Automatic;
				CURRENT_PROJECT_VERSION = 1;
				DEAD_CODE_STRIPPING = YES;
				DEVELOPMENT_TEAM = TNTX3799P3;
				GENERATE_INFOPLIST_FILE = YES;
				MARKETING_VERSION = 1.0;
				PRODUCT_BUNDLE_IDENTIFIER = DenisDmitriev.GrabShotUITests;
				PRODUCT_NAME = "$(TARGET_NAME)";
				SWIFT_EMIT_LOC_STRINGS = NO;
				SWIFT_VERSION = 5.0;
				TEST_TARGET_NAME = GrabShot;
			};
			name = Release;
		};
/* End XCBuildConfiguration section */

/* Begin XCConfigurationList section */
		95FE5F7A2949CB7100171B8D /* Build configuration list for PBXProject "GrabShot" */ = {
			isa = XCConfigurationList;
			buildConfigurations = (
				95FE5FA22949CB7200171B8D /* Debug */,
				95FE5FA32949CB7200171B8D /* Release */,
			);
			defaultConfigurationIsVisible = 0;
			defaultConfigurationName = Release;
		};
		95FE5FA42949CB7200171B8D /* Build configuration list for PBXNativeTarget "GrabShot" */ = {
			isa = XCConfigurationList;
			buildConfigurations = (
				95FE5FA52949CB7200171B8D /* Debug */,
				95FE5FA62949CB7200171B8D /* Release */,
			);
			defaultConfigurationIsVisible = 0;
			defaultConfigurationName = Release;
		};
		95FE5FA72949CB7200171B8D /* Build configuration list for PBXNativeTarget "GrabShotTests" */ = {
			isa = XCConfigurationList;
			buildConfigurations = (
				95FE5FA82949CB7200171B8D /* Debug */,
				95FE5FA92949CB7200171B8D /* Release */,
			);
			defaultConfigurationIsVisible = 0;
			defaultConfigurationName = Release;
		};
		95FE5FAA2949CB7200171B8D /* Build configuration list for PBXNativeTarget "GrabShotUITests" */ = {
			isa = XCConfigurationList;
			buildConfigurations = (
				95FE5FAB2949CB7200171B8D /* Debug */,
				95FE5FAC2949CB7200171B8D /* Release */,
			);
			defaultConfigurationIsVisible = 0;
			defaultConfigurationName = Release;
		};
/* End XCConfigurationList section */

/* Begin XCRemoteSwiftPackageReference section */
		95224AA42AA5CBC400C46868 /* XCRemoteSwiftPackageReference "DominantColors" */ = {
			isa = XCRemoteSwiftPackageReference;
			repositoryURL = "https://github.com/DenDmitriev/DominantColors";
			requirement = {
				kind = upToNextMajorVersion;
				minimumVersion = 1.0.5;
			};
		};
/* End XCRemoteSwiftPackageReference section */

/* Begin XCSwiftPackageProductDependency section */
		95224AA52AA5CBC400C46868 /* DominantColors */ = {
			isa = XCSwiftPackageProductDependency;
			package = 95224AA42AA5CBC400C46868 /* XCRemoteSwiftPackageReference "DominantColors" */;
			productName = DominantColors;
		};
/* End XCSwiftPackageProductDependency section */
	};
	rootObject = 95FE5F772949CB7100171B8D /* Project object */;
}
